// !$*UTF8*$!
{
	archiveVersion = 1;
	classes = {
	};
	objectVersion = 56;
	objects = {

/* Begin PBXBuildFile section */
		3C91C9782BFB391C00E9B8D0 /* AppDelegate.swift in Sources */ = {isa = PBXBuildFile; fileRef = 3C91C9772BFB391C00E9B8D0 /* AppDelegate.swift */; };
		3C91C97A2BFB391C00E9B8D0 /* SceneDelegate.swift in Sources */ = {isa = PBXBuildFile; fileRef = 3C91C9792BFB391C00E9B8D0 /* SceneDelegate.swift */; };
		3C91C97C2BFB391C00E9B8D0 /* ViewController.swift in Sources */ = {isa = PBXBuildFile; fileRef = 3C91C97B2BFB391C00E9B8D0 /* ViewController.swift */; };
		3C91C97F2BFB391C00E9B8D0 /* Main.storyboard in Resources */ = {isa = PBXBuildFile; fileRef = 3C91C97D2BFB391C00E9B8D0 /* Main.storyboard */; };
		3C91C9822BFB391C00E9B8D0 /* DENMovie.xcdatamodeld in Sources */ = {isa = PBXBuildFile; fileRef = 3C91C9802BFB391C00E9B8D0 /* DENMovie.xcdatamodeld */; };
		3C91C9842BFB391D00E9B8D0 /* Assets.xcassets in Resources */ = {isa = PBXBuildFile; fileRef = 3C91C9832BFB391D00E9B8D0 /* Assets.xcassets */; };
		3C91C9872BFB391D00E9B8D0 /* LaunchScreen.storyboard in Resources */ = {isa = PBXBuildFile; fileRef = 3C91C9852BFB391D00E9B8D0 /* LaunchScreen.storyboard */; };
		3C91C9922BFB391D00E9B8D0 /* DENMovieTests.swift in Sources */ = {isa = PBXBuildFile; fileRef = 3C91C9912BFB391D00E9B8D0 /* DENMovieTests.swift */; };
		3C91C99C2BFB391D00E9B8D0 /* DENMovieUITests.swift in Sources */ = {isa = PBXBuildFile; fileRef = 3C91C99B2BFB391D00E9B8D0 /* DENMovieUITests.swift */; };
		3C91C99E2BFB391D00E9B8D0 /* DENMovieUITestsLaunchTests.swift in Sources */ = {isa = PBXBuildFile; fileRef = 3C91C99D2BFB391D00E9B8D0 /* DENMovieUITestsLaunchTests.swift */; };
/* End PBXBuildFile section */

/* Begin PBXContainerItemProxy section */
		3C91C98E2BFB391D00E9B8D0 /* PBXContainerItemProxy */ = {
			isa = PBXContainerItemProxy;
			containerPortal = 3C91C96C2BFB391C00E9B8D0 /* Project object */;
			proxyType = 1;
			remoteGlobalIDString = 3C91C9732BFB391C00E9B8D0;
			remoteInfo = DENMovie;
		};
		3C91C9982BFB391D00E9B8D0 /* PBXContainerItemProxy */ = {
			isa = PBXContainerItemProxy;
			containerPortal = 3C91C96C2BFB391C00E9B8D0 /* Project object */;
			proxyType = 1;
			remoteGlobalIDString = 3C91C9732BFB391C00E9B8D0;
			remoteInfo = DENMovie;
		};
/* End PBXContainerItemProxy section */

/* Begin PBXFileReference section */
		3C91C9742BFB391C00E9B8D0 /* DENMovie.app */ = {isa = PBXFileReference; explicitFileType = wrapper.application; includeInIndex = 0; path = DENMovie.app; sourceTree = BUILT_PRODUCTS_DIR; };
		3C91C9772BFB391C00E9B8D0 /* AppDelegate.swift */ = {isa = PBXFileReference; lastKnownFileType = sourcecode.swift; path = AppDelegate.swift; sourceTree = "<group>"; };
		3C91C9792BFB391C00E9B8D0 /* SceneDelegate.swift */ = {isa = PBXFileReference; lastKnownFileType = sourcecode.swift; path = SceneDelegate.swift; sourceTree = "<group>"; };
		3C91C97B2BFB391C00E9B8D0 /* ViewController.swift */ = {isa = PBXFileReference; lastKnownFileType = sourcecode.swift; path = ViewController.swift; sourceTree = "<group>"; };
		3C91C97E2BFB391C00E9B8D0 /* Base */ = {isa = PBXFileReference; lastKnownFileType = file.storyboard; name = Base; path = Base.lproj/Main.storyboard; sourceTree = "<group>"; };
		3C91C9812BFB391C00E9B8D0 /* DENMovie.xcdatamodel */ = {isa = PBXFileReference; lastKnownFileType = wrapper.xcdatamodel; path = DENMovie.xcdatamodel; sourceTree = "<group>"; };
		3C91C9832BFB391D00E9B8D0 /* Assets.xcassets */ = {isa = PBXFileReference; lastKnownFileType = folder.assetcatalog; path = Assets.xcassets; sourceTree = "<group>"; };
		3C91C9862BFB391D00E9B8D0 /* Base */ = {isa = PBXFileReference; lastKnownFileType = file.storyboard; name = Base; path = Base.lproj/LaunchScreen.storyboard; sourceTree = "<group>"; };
		3C91C9882BFB391D00E9B8D0 /* Info.plist */ = {isa = PBXFileReference; lastKnownFileType = text.plist.xml; path = Info.plist; sourceTree = "<group>"; };
		3C91C98D2BFB391D00E9B8D0 /* DENMovieTests.xctest */ = {isa = PBXFileReference; explicitFileType = wrapper.cfbundle; includeInIndex = 0; path = DENMovieTests.xctest; sourceTree = BUILT_PRODUCTS_DIR; };
		3C91C9912BFB391D00E9B8D0 /* DENMovieTests.swift */ = {isa = PBXFileReference; lastKnownFileType = sourcecode.swift; path = DENMovieTests.swift; sourceTree = "<group>"; };
		3C91C9972BFB391D00E9B8D0 /* DENMovieUITests.xctest */ = {isa = PBXFileReference; explicitFileType = wrapper.cfbundle; includeInIndex = 0; path = DENMovieUITests.xctest; sourceTree = BUILT_PRODUCTS_DIR; };
		3C91C99B2BFB391D00E9B8D0 /* DENMovieUITests.swift */ = {isa = PBXFileReference; lastKnownFileType = sourcecode.swift; path = DENMovieUITests.swift; sourceTree = "<group>"; };
		3C91C99D2BFB391D00E9B8D0 /* DENMovieUITestsLaunchTests.swift */ = {isa = PBXFileReference; lastKnownFileType = sourcecode.swift; path = DENMovieUITestsLaunchTests.swift; sourceTree = "<group>"; };
/* End PBXFileReference section */

/* Begin PBXFrameworksBuildPhase section */
		3C91C9712BFB391C00E9B8D0 /* Frameworks */ = {
			isa = PBXFrameworksBuildPhase;
			buildActionMask = 2147483647;
			files = (
			);
			runOnlyForDeploymentPostprocessing = 0;
		};
		3C91C98A2BFB391D00E9B8D0 /* Frameworks */ = {
			isa = PBXFrameworksBuildPhase;
			buildActionMask = 2147483647;
			files = (
			);
			runOnlyForDeploymentPostprocessing = 0;
		};
		3C91C9942BFB391D00E9B8D0 /* Frameworks */ = {
			isa = PBXFrameworksBuildPhase;
			buildActionMask = 2147483647;
			files = (
			);
			runOnlyForDeploymentPostprocessing = 0;
		};
/* End PBXFrameworksBuildPhase section */

/* Begin PBXGroup section */
		3C91C96B2BFB391C00E9B8D0 = {
			isa = PBXGroup;
			children = (
				3C91C9762BFB391C00E9B8D0 /* DENMovie */,
				3C91C9902BFB391D00E9B8D0 /* DENMovieTests */,
				3C91C99A2BFB391D00E9B8D0 /* DENMovieUITests */,
				3C91C9752BFB391C00E9B8D0 /* Products */,
			);
			sourceTree = "<group>";
		};
		3C91C9752BFB391C00E9B8D0 /* Products */ = {
			isa = PBXGroup;
			children = (
				3C91C9742BFB391C00E9B8D0 /* DENMovie.app */,
				3C91C98D2BFB391D00E9B8D0 /* DENMovieTests.xctest */,
				3C91C9972BFB391D00E9B8D0 /* DENMovieUITests.xctest */,
			);
			name = Products;
			sourceTree = "<group>";
		};
		3C91C9762BFB391C00E9B8D0 /* DENMovie */ = {
			isa = PBXGroup;
			children = (
				3C91C9772BFB391C00E9B8D0 /* AppDelegate.swift */,
				3C91C9792BFB391C00E9B8D0 /* SceneDelegate.swift */,
				3C91C97B2BFB391C00E9B8D0 /* ViewController.swift */,
				3C91C97D2BFB391C00E9B8D0 /* Main.storyboard */,
				3C91C9832BFB391D00E9B8D0 /* Assets.xcassets */,
				3C91C9852BFB391D00E9B8D0 /* LaunchScreen.storyboard */,
				3C91C9882BFB391D00E9B8D0 /* Info.plist */,
				3C91C9802BFB391C00E9B8D0 /* DENMovie.xcdatamodeld */,
			);
			path = DENMovie;
			sourceTree = "<group>";
		};
		3C91C9902BFB391D00E9B8D0 /* DENMovieTests */ = {
			isa = PBXGroup;
			children = (
				3C91C9912BFB391D00E9B8D0 /* DENMovieTests.swift */,
			);
			path = DENMovieTests;
			sourceTree = "<group>";
		};
		3C91C99A2BFB391D00E9B8D0 /* DENMovieUITests */ = {
			isa = PBXGroup;
			children = (
				3C91C99B2BFB391D00E9B8D0 /* DENMovieUITests.swift */,
				3C91C99D2BFB391D00E9B8D0 /* DENMovieUITestsLaunchTests.swift */,
			);
			path = DENMovieUITests;
			sourceTree = "<group>";
		};
/* End PBXGroup section */

/* Begin PBXNativeTarget section */
		3C91C9732BFB391C00E9B8D0 /* DENMovie */ = {
			isa = PBXNativeTarget;
			buildConfigurationList = 3C91C9A12BFB391D00E9B8D0 /* Build configuration list for PBXNativeTarget "DENMovie" */;
			buildPhases = (
				3C91C9702BFB391C00E9B8D0 /* Sources */,
				3C91C9712BFB391C00E9B8D0 /* Frameworks */,
				3C91C9722BFB391C00E9B8D0 /* Resources */,
			);
			buildRules = (
			);
			dependencies = (
			);
			name = DENMovie;
			productName = DENMovie;
			productReference = 3C91C9742BFB391C00E9B8D0 /* DENMovie.app */;
			productType = "com.apple.product-type.application";
		};
		3C91C98C2BFB391D00E9B8D0 /* DENMovieTests */ = {
			isa = PBXNativeTarget;
			buildConfigurationList = 3C91C9A42BFB391D00E9B8D0 /* Build configuration list for PBXNativeTarget "DENMovieTests" */;
			buildPhases = (
				3C91C9892BFB391D00E9B8D0 /* Sources */,
				3C91C98A2BFB391D00E9B8D0 /* Frameworks */,
				3C91C98B2BFB391D00E9B8D0 /* Resources */,
			);
			buildRules = (
			);
			dependencies = (
				3C91C98F2BFB391D00E9B8D0 /* PBXTargetDependency */,
			);
			name = DENMovieTests;
			productName = DENMovieTests;
			productReference = 3C91C98D2BFB391D00E9B8D0 /* DENMovieTests.xctest */;
			productType = "com.apple.product-type.bundle.unit-test";
		};
		3C91C9962BFB391D00E9B8D0 /* DENMovieUITests */ = {
			isa = PBXNativeTarget;
			buildConfigurationList = 3C91C9A72BFB391D00E9B8D0 /* Build configuration list for PBXNativeTarget "DENMovieUITests" */;
			buildPhases = (
				3C91C9932BFB391D00E9B8D0 /* Sources */,
				3C91C9942BFB391D00E9B8D0 /* Frameworks */,
				3C91C9952BFB391D00E9B8D0 /* Resources */,
			);
			buildRules = (
			);
			dependencies = (
				3C91C9992BFB391D00E9B8D0 /* PBXTargetDependency */,
			);
			name = DENMovieUITests;
			productName = DENMovieUITests;
			productReference = 3C91C9972BFB391D00E9B8D0 /* DENMovieUITests.xctest */;
			productType = "com.apple.product-type.bundle.ui-testing";
		};
/* End PBXNativeTarget section */

/* Begin PBXProject section */
		3C91C96C2BFB391C00E9B8D0 /* Project object */ = {
			isa = PBXProject;
			attributes = {
				BuildIndependentTargetsInParallel = 1;
				LastSwiftUpdateCheck = 1520;
				LastUpgradeCheck = 1520;
				TargetAttributes = {
					3C91C9732BFB391C00E9B8D0 = {
						CreatedOnToolsVersion = 15.2;
					};
					3C91C98C2BFB391D00E9B8D0 = {
						CreatedOnToolsVersion = 15.2;
						TestTargetID = 3C91C9732BFB391C00E9B8D0;
					};
					3C91C9962BFB391D00E9B8D0 = {
						CreatedOnToolsVersion = 15.2;
						TestTargetID = 3C91C9732BFB391C00E9B8D0;
					};
				};
			};
			buildConfigurationList = 3C91C96F2BFB391C00E9B8D0 /* Build configuration list for PBXProject "DENMovie" */;
			compatibilityVersion = "Xcode 14.0";
			developmentRegion = en;
			hasScannedForEncodings = 0;
			knownRegions = (
				en,
				Base,
			);
			mainGroup = 3C91C96B2BFB391C00E9B8D0;
			productRefGroup = 3C91C9752BFB391C00E9B8D0 /* Products */;
			projectDirPath = "";
			projectRoot = "";
			targets = (
				3C91C9732BFB391C00E9B8D0 /* DENMovie */,
				3C91C98C2BFB391D00E9B8D0 /* DENMovieTests */,
				3C91C9962BFB391D00E9B8D0 /* DENMovieUITests */,
			);
		};
/* End PBXProject section */

/* Begin PBXResourcesBuildPhase section */
		3C91C9722BFB391C00E9B8D0 /* Resources */ = {
			isa = PBXResourcesBuildPhase;
			buildActionMask = 2147483647;
			files = (
				3C91C9872BFB391D00E9B8D0 /* LaunchScreen.storyboard in Resources */,
				3C91C9842BFB391D00E9B8D0 /* Assets.xcassets in Resources */,
				3C91C97F2BFB391C00E9B8D0 /* Main.storyboard in Resources */,
			);
			runOnlyForDeploymentPostprocessing = 0;
		};
		3C91C98B2BFB391D00E9B8D0 /* Resources */ = {
			isa = PBXResourcesBuildPhase;
			buildActionMask = 2147483647;
			files = (
			);
			runOnlyForDeploymentPostprocessing = 0;
		};
		3C91C9952BFB391D00E9B8D0 /* Resources */ = {
			isa = PBXResourcesBuildPhase;
			buildActionMask = 2147483647;
			files = (
			);
			runOnlyForDeploymentPostprocessing = 0;
		};
/* End PBXResourcesBuildPhase section */

/* Begin PBXSourcesBuildPhase section */
		3C91C9702BFB391C00E9B8D0 /* Sources */ = {
			isa = PBXSourcesBuildPhase;
			buildActionMask = 2147483647;
			files = (
				3C91C9822BFB391C00E9B8D0 /* DENMovie.xcdatamodeld in Sources */,
				3C91C97C2BFB391C00E9B8D0 /* ViewController.swift in Sources */,
				3C91C9782BFB391C00E9B8D0 /* AppDelegate.swift in Sources */,
				3C91C97A2BFB391C00E9B8D0 /* SceneDelegate.swift in Sources */,
			);
			runOnlyForDeploymentPostprocessing = 0;
		};
		3C91C9892BFB391D00E9B8D0 /* Sources */ = {
			isa = PBXSourcesBuildPhase;
			buildActionMask = 2147483647;
			files = (
				3C91C9922BFB391D00E9B8D0 /* DENMovieTests.swift in Sources */,
			);
			runOnlyForDeploymentPostprocessing = 0;
		};
		3C91C9932BFB391D00E9B8D0 /* Sources */ = {
			isa = PBXSourcesBuildPhase;
			buildActionMask = 2147483647;
			files = (
				3C91C99E2BFB391D00E9B8D0 /* DENMovieUITestsLaunchTests.swift in Sources */,
				3C91C99C2BFB391D00E9B8D0 /* DENMovieUITests.swift in Sources */,
			);
			runOnlyForDeploymentPostprocessing = 0;
		};
/* End PBXSourcesBuildPhase section */

/* Begin PBXTargetDependency section */
		3C91C98F2BFB391D00E9B8D0 /* PBXTargetDependency */ = {
			isa = PBXTargetDependency;
			target = 3C91C9732BFB391C00E9B8D0 /* DENMovie */;
			targetProxy = 3C91C98E2BFB391D00E9B8D0 /* PBXContainerItemProxy */;
		};
		3C91C9992BFB391D00E9B8D0 /* PBXTargetDependency */ = {
			isa = PBXTargetDependency;
			target = 3C91C9732BFB391C00E9B8D0 /* DENMovie */;
			targetProxy = 3C91C9982BFB391D00E9B8D0 /* PBXContainerItemProxy */;
		};
/* End PBXTargetDependency section */

/* Begin PBXVariantGroup section */
		3C91C97D2BFB391C00E9B8D0 /* Main.storyboard */ = {
			isa = PBXVariantGroup;
			children = (
				3C91C97E2BFB391C00E9B8D0 /* Base */,
			);
			name = Main.storyboard;
			sourceTree = "<group>";
		};
		3C91C9852BFB391D00E9B8D0 /* LaunchScreen.storyboard */ = {
			isa = PBXVariantGroup;
			children = (
				3C91C9862BFB391D00E9B8D0 /* Base */,
			);
			name = LaunchScreen.storyboard;
			sourceTree = "<group>";
		};
/* End PBXVariantGroup section */

/* Begin XCBuildConfiguration section */
		3C91C99F2BFB391D00E9B8D0 /* Debug */ = {
			isa = XCBuildConfiguration;
			buildSettings = {
				ALWAYS_SEARCH_USER_PATHS = NO;
				ASSETCATALOG_COMPILER_GENERATE_SWIFT_ASSET_SYMBOL_EXTENSIONS = YES;
				CLANG_ANALYZER_NONNULL = YES;
				CLANG_ANALYZER_NUMBER_OBJECT_CONVERSION = YES_AGGRESSIVE;
				CLANG_CXX_LANGUAGE_STANDARD = "gnu++20";
				CLANG_ENABLE_MODULES = YES;
				CLANG_ENABLE_OBJC_ARC = YES;
				CLANG_ENABLE_OBJC_WEAK = YES;
				CLANG_WARN_BLOCK_CAPTURE_AUTORELEASING = YES;
				CLANG_WARN_BOOL_CONVERSION = YES;
				CLANG_WARN_COMMA = YES;
				CLANG_WARN_CONSTANT_CONVERSION = YES;
				CLANG_WARN_DEPRECATED_OBJC_IMPLEMENTATIONS = YES;
				CLANG_WARN_DIRECT_OBJC_ISA_USAGE = YES_ERROR;
				CLANG_WARN_DOCUMENTATION_COMMENTS = YES;
				CLANG_WARN_EMPTY_BODY = YES;
				CLANG_WARN_ENUM_CONVERSION = YES;
				CLANG_WARN_INFINITE_RECURSION = YES;
				CLANG_WARN_INT_CONVERSION = YES;
				CLANG_WARN_NON_LITERAL_NULL_CONVERSION = YES;
				CLANG_WARN_OBJC_IMPLICIT_RETAIN_SELF = YES;
				CLANG_WARN_OBJC_LITERAL_CONVERSION = YES;
				CLANG_WARN_OBJC_ROOT_CLASS = YES_ERROR;
				CLANG_WARN_QUOTED_INCLUDE_IN_FRAMEWORK_HEADER = YES;
				CLANG_WARN_RANGE_LOOP_ANALYSIS = YES;
				CLANG_WARN_STRICT_PROTOTYPES = YES;
				CLANG_WARN_SUSPICIOUS_MOVE = YES;
				CLANG_WARN_UNGUARDED_AVAILABILITY = YES_AGGRESSIVE;
				CLANG_WARN_UNREACHABLE_CODE = YES;
				CLANG_WARN__DUPLICATE_METHOD_MATCH = YES;
				COPY_PHASE_STRIP = NO;
				DEBUG_INFORMATION_FORMAT = dwarf;
				ENABLE_STRICT_OBJC_MSGSEND = YES;
				ENABLE_TESTABILITY = YES;
				ENABLE_USER_SCRIPT_SANDBOXING = YES;
				GCC_C_LANGUAGE_STANDARD = gnu17;
				GCC_DYNAMIC_NO_PIC = NO;
				GCC_NO_COMMON_BLOCKS = YES;
				GCC_OPTIMIZATION_LEVEL = 0;
				GCC_PREPROCESSOR_DEFINITIONS = (
					"DEBUG=1",
					"$(inherited)",
				);
				GCC_WARN_64_TO_32_BIT_CONVERSION = YES;
				GCC_WARN_ABOUT_RETURN_TYPE = YES_ERROR;
				GCC_WARN_UNDECLARED_SELECTOR = YES;
				GCC_WARN_UNINITIALIZED_AUTOS = YES_AGGRESSIVE;
				GCC_WARN_UNUSED_FUNCTION = YES;
				GCC_WARN_UNUSED_VARIABLE = YES;
				IPHONEOS_DEPLOYMENT_TARGET = 17.2;
				LOCALIZATION_PREFERS_STRING_CATALOGS = YES;
				MTL_ENABLE_DEBUG_INFO = INCLUDE_SOURCE;
				MTL_FAST_MATH = YES;
				ONLY_ACTIVE_ARCH = YES;
				SDKROOT = iphoneos;
				SWIFT_ACTIVE_COMPILATION_CONDITIONS = "DEBUG $(inherited)";
				SWIFT_OPTIMIZATION_LEVEL = "-Onone";
			};
			name = Debug;
		};
		3C91C9A02BFB391D00E9B8D0 /* Release */ = {
			isa = XCBuildConfiguration;
			buildSettings = {
				ALWAYS_SEARCH_USER_PATHS = NO;
				ASSETCATALOG_COMPILER_GENERATE_SWIFT_ASSET_SYMBOL_EXTENSIONS = YES;
				CLANG_ANALYZER_NONNULL = YES;
				CLANG_ANALYZER_NUMBER_OBJECT_CONVERSION = YES_AGGRESSIVE;
				CLANG_CXX_LANGUAGE_STANDARD = "gnu++20";
				CLANG_ENABLE_MODULES = YES;
				CLANG_ENABLE_OBJC_ARC = YES;
				CLANG_ENABLE_OBJC_WEAK = YES;
				CLANG_WARN_BLOCK_CAPTURE_AUTORELEASING = YES;
				CLANG_WARN_BOOL_CONVERSION = YES;
				CLANG_WARN_COMMA = YES;
				CLANG_WARN_CONSTANT_CONVERSION = YES;
				CLANG_WARN_DEPRECATED_OBJC_IMPLEMENTATIONS = YES;
				CLANG_WARN_DIRECT_OBJC_ISA_USAGE = YES_ERROR;
				CLANG_WARN_DOCUMENTATION_COMMENTS = YES;
				CLANG_WARN_EMPTY_BODY = YES;
				CLANG_WARN_ENUM_CONVERSION = YES;
				CLANG_WARN_INFINITE_RECURSION = YES;
				CLANG_WARN_INT_CONVERSION = YES;
				CLANG_WARN_NON_LITERAL_NULL_CONVERSION = YES;
				CLANG_WARN_OBJC_IMPLICIT_RETAIN_SELF = YES;
				CLANG_WARN_OBJC_LITERAL_CONVERSION = YES;
				CLANG_WARN_OBJC_ROOT_CLASS = YES_ERROR;
				CLANG_WARN_QUOTED_INCLUDE_IN_FRAMEWORK_HEADER = YES;
				CLANG_WARN_RANGE_LOOP_ANALYSIS = YES;
				CLANG_WARN_STRICT_PROTOTYPES = YES;
				CLANG_WARN_SUSPICIOUS_MOVE = YES;
				CLANG_WARN_UNGUARDED_AVAILABILITY = YES_AGGRESSIVE;
				CLANG_WARN_UNREACHABLE_CODE = YES;
				CLANG_WARN__DUPLICATE_METHOD_MATCH = YES;
				COPY_PHASE_STRIP = NO;
				DEBUG_INFORMATION_FORMAT = "dwarf-with-dsym";
				ENABLE_NS_ASSERTIONS = NO;
				ENABLE_STRICT_OBJC_MSGSEND = YES;
				ENABLE_USER_SCRIPT_SANDBOXING = YES;
				GCC_C_LANGUAGE_STANDARD = gnu17;
				GCC_NO_COMMON_BLOCKS = YES;
				GCC_WARN_64_TO_32_BIT_CONVERSION = YES;
				GCC_WARN_ABOUT_RETURN_TYPE = YES_ERROR;
				GCC_WARN_UNDECLARED_SELECTOR = YES;
				GCC_WARN_UNINITIALIZED_AUTOS = YES_AGGRESSIVE;
				GCC_WARN_UNUSED_FUNCTION = YES;
				GCC_WARN_UNUSED_VARIABLE = YES;
				IPHONEOS_DEPLOYMENT_TARGET = 17.2;
				LOCALIZATION_PREFERS_STRING_CATALOGS = YES;
				MTL_ENABLE_DEBUG_INFO = NO;
				MTL_FAST_MATH = YES;
				SDKROOT = iphoneos;
				SWIFT_COMPILATION_MODE = wholemodule;
				VALIDATE_PRODUCT = YES;
			};
			name = Release;
		};
		3C91C9A22BFB391D00E9B8D0 /* Debug */ = {
			isa = XCBuildConfiguration;
			buildSettings = {
				ASSETCATALOG_COMPILER_APPICON_NAME = AppIcon;
				ASSETCATALOG_COMPILER_GLOBAL_ACCENT_COLOR_NAME = AccentColor;
				CODE_SIGN_STYLE = Automatic;
				CURRENT_PROJECT_VERSION = 1;
				GENERATE_INFOPLIST_FILE = YES;
				INFOPLIST_FILE = DENMovie/Info.plist;
				INFOPLIST_KEY_UIApplicationSupportsIndirectInputEvents = YES;
				INFOPLIST_KEY_UILaunchStoryboardName = LaunchScreen;
				INFOPLIST_KEY_UIMainStoryboardFile = Main;
				INFOPLIST_KEY_UISupportedInterfaceOrientations_iPad = "UIInterfaceOrientationPortrait UIInterfaceOrientationPortraitUpsideDown UIInterfaceOrientationLandscapeLeft UIInterfaceOrientationLandscapeRight";
				INFOPLIST_KEY_UISupportedInterfaceOrientations_iPhone = "UIInterfaceOrientationPortrait UIInterfaceOrientationLandscapeLeft UIInterfaceOrientationLandscapeRight";
				LD_RUNPATH_SEARCH_PATHS = (
					"$(inherited)",
					"@executable_path/Frameworks",
				);
				MARKETING_VERSION = 1.0;
				PRODUCT_BUNDLE_IDENTIFIER = com.denazmi.DENMovie;
				PRODUCT_NAME = "$(TARGET_NAME)";
				SWIFT_EMIT_LOC_STRINGS = YES;
				SWIFT_VERSION = 5.0;
				TARGETED_DEVICE_FAMILY = "1,2";
			};
			name = Debug;
		};
		3C91C9A32BFB391D00E9B8D0 /* Release */ = {
			isa = XCBuildConfiguration;
			buildSettings = {
				ASSETCATALOG_COMPILER_APPICON_NAME = AppIcon;
				ASSETCATALOG_COMPILER_GLOBAL_ACCENT_COLOR_NAME = AccentColor;
				CODE_SIGN_STYLE = Automatic;
				CURRENT_PROJECT_VERSION = 1;
				GENERATE_INFOPLIST_FILE = YES;
				INFOPLIST_FILE = DENMovie/Info.plist;
				INFOPLIST_KEY_UIApplicationSupportsIndirectInputEvents = YES;
				INFOPLIST_KEY_UILaunchStoryboardName = LaunchScreen;
				INFOPLIST_KEY_UIMainStoryboardFile = Main;
				INFOPLIST_KEY_UISupportedInterfaceOrientations_iPad = "UIInterfaceOrientationPortrait UIInterfaceOrientationPortraitUpsideDown UIInterfaceOrientationLandscapeLeft UIInterfaceOrientationLandscapeRight";
				INFOPLIST_KEY_UISupportedInterfaceOrientations_iPhone = "UIInterfaceOrientationPortrait UIInterfaceOrientationLandscapeLeft UIInterfaceOrientationLandscapeRight";
				LD_RUNPATH_SEARCH_PATHS = (
					"$(inherited)",
					"@executable_path/Frameworks",
				);
				MARKETING_VERSION = 1.0;
				PRODUCT_BUNDLE_IDENTIFIER = com.denazmi.DENMovie;
				PRODUCT_NAME = "$(TARGET_NAME)";
				SWIFT_EMIT_LOC_STRINGS = YES;
				SWIFT_VERSION = 5.0;
				TARGETED_DEVICE_FAMILY = "1,2";
			};
			name = Release;
		};
		3C91C9A52BFB391D00E9B8D0 /* Debug */ = {
			isa = XCBuildConfiguration;
			buildSettings = {
				ALWAYS_EMBED_SWIFT_STANDARD_LIBRARIES = YES;
				BUNDLE_LOADER = "$(TEST_HOST)";
				CODE_SIGN_STYLE = Automatic;
				CURRENT_PROJECT_VERSION = 1;
				GENERATE_INFOPLIST_FILE = YES;
				IPHONEOS_DEPLOYMENT_TARGET = 17.2;
				MARKETING_VERSION = 1.0;
				PRODUCT_BUNDLE_IDENTIFIER = com.denazmi.DENMovieTests;
				PRODUCT_NAME = "$(TARGET_NAME)";
				SWIFT_EMIT_LOC_STRINGS = NO;
				SWIFT_VERSION = 5.0;
				TARGETED_DEVICE_FAMILY = "1,2";
				TEST_HOST = "$(BUILT_PRODUCTS_DIR)/DENMovie.app/$(BUNDLE_EXECUTABLE_FOLDER_PATH)/DENMovie";
			};
			name = Debug;
		};
		3C91C9A62BFB391D00E9B8D0 /* Release */ = {
			isa = XCBuildConfiguration;
			buildSettings = {
				ALWAYS_EMBED_SWIFT_STANDARD_LIBRARIES = YES;
				BUNDLE_LOADER = "$(TEST_HOST)";
				CODE_SIGN_STYLE = Automatic;
				CURRENT_PROJECT_VERSION = 1;
				GENERATE_INFOPLIST_FILE = YES;
				IPHONEOS_DEPLOYMENT_TARGET = 17.2;
				MARKETING_VERSION = 1.0;
				PRODUCT_BUNDLE_IDENTIFIER = com.denazmi.DENMovieTests;
				PRODUCT_NAME = "$(TARGET_NAME)";
				SWIFT_EMIT_LOC_STRINGS = NO;
				SWIFT_VERSION = 5.0;
				TARGETED_DEVICE_FAMILY = "1,2";
				TEST_HOST = "$(BUILT_PRODUCTS_DIR)/DENMovie.app/$(BUNDLE_EXECUTABLE_FOLDER_PATH)/DENMovie";
			};
			name = Release;
		};
		3C91C9A82BFB391D00E9B8D0 /* Debug */ = {
			isa = XCBuildConfiguration;
			buildSettings = {
				ALWAYS_EMBED_SWIFT_STANDARD_LIBRARIES = YES;
				CODE_SIGN_STYLE = Automatic;
				CURRENT_PROJECT_VERSION = 1;
				GENERATE_INFOPLIST_FILE = YES;
				MARKETING_VERSION = 1.0;
				PRODUCT_BUNDLE_IDENTIFIER = com.denazmi.DENMovieUITests;
				PRODUCT_NAME = "$(TARGET_NAME)";
				SWIFT_EMIT_LOC_STRINGS = NO;
				SWIFT_VERSION = 5.0;
				TARGETED_DEVICE_FAMILY = "1,2";
				TEST_TARGET_NAME = DENMovie;
			};
			name = Debug;
		};
		3C91C9A92BFB391D00E9B8D0 /* Release */ = {
			isa = XCBuildConfiguration;
			buildSettings = {
				ALWAYS_EMBED_SWIFT_STANDARD_LIBRARIES = YES;
				CODE_SIGN_STYLE = Automatic;
				CURRENT_PROJECT_VERSION = 1;
				GENERATE_INFOPLIST_FILE = YES;
				MARKETING_VERSION = 1.0;
				PRODUCT_BUNDLE_IDENTIFIER = com.denazmi.DENMovieUITests;
				PRODUCT_NAME = "$(TARGET_NAME)";
				SWIFT_EMIT_LOC_STRINGS = NO;
				SWIFT_VERSION = 5.0;
				TARGETED_DEVICE_FAMILY = "1,2";
				TEST_TARGET_NAME = DENMovie;
			};
			name = Release;
		};
/* End XCBuildConfiguration section */

/* Begin XCConfigurationList section */
		3C91C96F2BFB391C00E9B8D0 /* Build configuration list for PBXProject "DENMovie" */ = {
			isa = XCConfigurationList;
			buildConfigurations = (
				3C91C99F2BFB391D00E9B8D0 /* Debug */,
				3C91C9A02BFB391D00E9B8D0 /* Release */,
			);
			defaultConfigurationIsVisible = 0;
			defaultConfigurationName = Release;
		};
		3C91C9A12BFB391D00E9B8D0 /* Build configuration list for PBXNativeTarget "DENMovie" */ = {
			isa = XCConfigurationList;
			buildConfigurations = (
				3C91C9A22BFB391D00E9B8D0 /* Debug */,
				3C91C9A32BFB391D00E9B8D0 /* Release */,
			);
			defaultConfigurationIsVisible = 0;
			defaultConfigurationName = Release;
		};
		3C91C9A42BFB391D00E9B8D0 /* Build configuration list for PBXNativeTarget "DENMovieTests" */ = {
			isa = XCConfigurationList;
			buildConfigurations = (
				3C91C9A52BFB391D00E9B8D0 /* Debug */,
				3C91C9A62BFB391D00E9B8D0 /* Release */,
			);
			defaultConfigurationIsVisible = 0;
			defaultConfigurationName = Release;
		};
		3C91C9A72BFB391D00E9B8D0 /* Build configuration list for PBXNativeTarget "DENMovieUITests" */ = {
			isa = XCConfigurationList;
			buildConfigurations = (
				3C91C9A82BFB391D00E9B8D0 /* Debug */,
				3C91C9A92BFB391D00E9B8D0 /* Release */,
			);
			defaultConfigurationIsVisible = 0;
			defaultConfigurationName = Release;
		};
/* End XCConfigurationList section */

/* Begin XCVersionGroup section */
		3C91C9802BFB391C00E9B8D0 /* DENMovie.xcdatamodeld */ = {
			isa = XCVersionGroup;
			children = (
				3C91C9812BFB391C00E9B8D0 /* DENMovie.xcdatamodel */,
			);
			currentVersion = 3C91C9812BFB391C00E9B8D0 /* DENMovie.xcdatamodel */;
			path = DENMovie.xcdatamodeld;
			sourceTree = "<group>";
			versionGroupType = wrapper.xcdatamodel;
		};
/* End XCVersionGroup section */
	};
	rootObject = 3C91C96C2BFB391C00E9B8D0 /* Project object */;
}
