// !$*UTF8*$!
{
	archiveVersion = 1;
	classes = {
	};
	objectVersion = 56;
	objects = {

/* Begin PBXBuildFile section */
		3C91CA0A2BFB3B1300E9B8D0 /* DENMovieNetworking.docc in Sources */ = {isa = PBXBuildFile; fileRef = 3C91CA092BFB3B1300E9B8D0 /* DENMovieNetworking.docc */; };
		3C91CA102BFB3B1400E9B8D0 /* DENMovieNetworking.framework in Frameworks */ = {isa = PBXBuildFile; fileRef = 3C91CA052BFB3B1300E9B8D0 /* DENMovieNetworking.framework */; };
		3C91CA152BFB3B1400E9B8D0 /* DENMovieNetworkingTests.swift in Sources */ = {isa = PBXBuildFile; fileRef = 3C91CA142BFB3B1400E9B8D0 /* DENMovieNetworkingTests.swift */; };
		3C91CA162BFB3B1400E9B8D0 /* DENMovieNetworking.h in Headers */ = {isa = PBXBuildFile; fileRef = 3C91CA082BFB3B1300E9B8D0 /* DENMovieNetworking.h */; settings = {ATTRIBUTES = (Public, ); }; };
		3C91CA452BFB4A4000E9B8D0 /* HttpClient.swift in Sources */ = {isa = PBXBuildFile; fileRef = 3C91CA442BFB4A4000E9B8D0 /* HttpClient.swift */; };
/* End PBXBuildFile section */

/* Begin PBXContainerItemProxy section */
		3C91CA112BFB3B1400E9B8D0 /* PBXContainerItemProxy */ = {
			isa = PBXContainerItemProxy;
			containerPortal = 3C91C9FC2BFB3B1300E9B8D0 /* Project object */;
			proxyType = 1;
			remoteGlobalIDString = 3C91CA042BFB3B1300E9B8D0;
			remoteInfo = DENMovieNetworking;
		};
/* End PBXContainerItemProxy section */

/* Begin PBXFileReference section */
		3C91CA052BFB3B1300E9B8D0 /* DENMovieNetworking.framework */ = {isa = PBXFileReference; explicitFileType = wrapper.framework; includeInIndex = 0; path = DENMovieNetworking.framework; sourceTree = BUILT_PRODUCTS_DIR; };
		3C91CA082BFB3B1300E9B8D0 /* DENMovieNetworking.h */ = {isa = PBXFileReference; lastKnownFileType = sourcecode.c.h; path = DENMovieNetworking.h; sourceTree = "<group>"; };
		3C91CA092BFB3B1300E9B8D0 /* DENMovieNetworking.docc */ = {isa = PBXFileReference; lastKnownFileType = folder.documentationcatalog; path = DENMovieNetworking.docc; sourceTree = "<group>"; };
		3C91CA0F2BFB3B1400E9B8D0 /* DENMovieNetworkingTests.xctest */ = {isa = PBXFileReference; explicitFileType = wrapper.cfbundle; includeInIndex = 0; path = DENMovieNetworkingTests.xctest; sourceTree = BUILT_PRODUCTS_DIR; };
		3C91CA142BFB3B1400E9B8D0 /* DENMovieNetworkingTests.swift */ = {isa = PBXFileReference; lastKnownFileType = sourcecode.swift; path = DENMovieNetworkingTests.swift; sourceTree = "<group>"; };
		3C91CA442BFB4A4000E9B8D0 /* HttpClient.swift */ = {isa = PBXFileReference; lastKnownFileType = sourcecode.swift; path = HttpClient.swift; sourceTree = "<group>"; };
/* End PBXFileReference section */

/* Begin PBXFrameworksBuildPhase section */
		3C91CA022BFB3B1300E9B8D0 /* Frameworks */ = {
			isa = PBXFrameworksBuildPhase;
			buildActionMask = 2147483647;
			files = (
			);
			runOnlyForDeploymentPostprocessing = 0;
		};
		3C91CA0C2BFB3B1400E9B8D0 /* Frameworks */ = {
			isa = PBXFrameworksBuildPhase;
			buildActionMask = 2147483647;
			files = (
				3C91CA102BFB3B1400E9B8D0 /* DENMovieNetworking.framework in Frameworks */,
			);
			runOnlyForDeploymentPostprocessing = 0;
		};
/* End PBXFrameworksBuildPhase section */

/* Begin PBXGroup section */
		3C91C9FB2BFB3B1300E9B8D0 = {
			isa = PBXGroup;
			children = (
				3C91CA072BFB3B1300E9B8D0 /* DENMovieNetworking */,
				3C91CA132BFB3B1400E9B8D0 /* DENMovieNetworkingTests */,
				3C91CA062BFB3B1300E9B8D0 /* Products */,
			);
			sourceTree = "<group>";
		};
		3C91CA062BFB3B1300E9B8D0 /* Products */ = {
			isa = PBXGroup;
			children = (
				3C91CA052BFB3B1300E9B8D0 /* DENMovieNetworking.framework */,
				3C91CA0F2BFB3B1400E9B8D0 /* DENMovieNetworkingTests.xctest */,
			);
			name = Products;
			sourceTree = "<group>";
		};
		3C91CA072BFB3B1300E9B8D0 /* DENMovieNetworking */ = {
			isa = PBXGroup;
			children = (
				3C91CA432BFB3C1700E9B8D0 /* Sources */,
				3C91CA082BFB3B1300E9B8D0 /* DENMovieNetworking.h */,
				3C91CA092BFB3B1300E9B8D0 /* DENMovieNetworking.docc */,
			);
			path = DENMovieNetworking;
			sourceTree = "<group>";
		};
		3C91CA132BFB3B1400E9B8D0 /* DENMovieNetworkingTests */ = {
			isa = PBXGroup;
			children = (
				3C91CA142BFB3B1400E9B8D0 /* DENMovieNetworkingTests.swift */,
			);
			path = DENMovieNetworkingTests;
			sourceTree = "<group>";
		};
		3C91CA432BFB3C1700E9B8D0 /* Sources */ = {
			isa = PBXGroup;
			children = (
				3C91CA442BFB4A4000E9B8D0 /* HttpClient.swift */,
			);
			path = Sources;
			sourceTree = "<group>";
		};
/* End PBXGroup section */

/* Begin PBXHeadersBuildPhase section */
		3C91CA002BFB3B1300E9B8D0 /* Headers */ = {
			isa = PBXHeadersBuildPhase;
			buildActionMask = 2147483647;
			files = (
				3C91CA162BFB3B1400E9B8D0 /* DENMovieNetworking.h in Headers */,
			);
			runOnlyForDeploymentPostprocessing = 0;
		};
/* End PBXHeadersBuildPhase section */

/* Begin PBXNativeTarget section */
		3C91CA042BFB3B1300E9B8D0 /* DENMovieNetworking */ = {
			isa = PBXNativeTarget;
			buildConfigurationList = 3C91CA192BFB3B1400E9B8D0 /* Build configuration list for PBXNativeTarget "DENMovieNetworking" */;
			buildPhases = (
				3C91CA002BFB3B1300E9B8D0 /* Headers */,
				3C91CA012BFB3B1300E9B8D0 /* Sources */,
				3C91CA022BFB3B1300E9B8D0 /* Frameworks */,
				3C91CA032BFB3B1300E9B8D0 /* Resources */,
			);
			buildRules = (
			);
			dependencies = (
			);
			name = DENMovieNetworking;
			productName = DENMovieNetworking;
			productReference = 3C91CA052BFB3B1300E9B8D0 /* DENMovieNetworking.framework */;
			productType = "com.apple.product-type.framework";
		};
		3C91CA0E2BFB3B1400E9B8D0 /* DENMovieNetworkingTests */ = {
			isa = PBXNativeTarget;
			buildConfigurationList = 3C91CA1C2BFB3B1400E9B8D0 /* Build configuration list for PBXNativeTarget "DENMovieNetworkingTests" */;
			buildPhases = (
				3C91CA0B2BFB3B1400E9B8D0 /* Sources */,
				3C91CA0C2BFB3B1400E9B8D0 /* Frameworks */,
				3C91CA0D2BFB3B1400E9B8D0 /* Resources */,
			);
			buildRules = (
			);
			dependencies = (
				3C91CA122BFB3B1400E9B8D0 /* PBXTargetDependency */,
			);
			name = DENMovieNetworkingTests;
			productName = DENMovieNetworkingTests;
			productReference = 3C91CA0F2BFB3B1400E9B8D0 /* DENMovieNetworkingTests.xctest */;
			productType = "com.apple.product-type.bundle.unit-test";
		};
/* End PBXNativeTarget section */

/* Begin PBXProject section */
		3C91C9FC2BFB3B1300E9B8D0 /* Project object */ = {
			isa = PBXProject;
			attributes = {
				BuildIndependentTargetsInParallel = 1;
				LastSwiftUpdateCheck = 1520;
				LastUpgradeCheck = 1520;
				TargetAttributes = {
					3C91CA042BFB3B1300E9B8D0 = {
						CreatedOnToolsVersion = 15.2;
					};
					3C91CA0E2BFB3B1400E9B8D0 = {
						CreatedOnToolsVersion = 15.2;
					};
				};
			};
			buildConfigurationList = 3C91C9FF2BFB3B1300E9B8D0 /* Build configuration list for PBXProject "DENMovieNetworking" */;
			compatibilityVersion = "Xcode 14.0";
			developmentRegion = en;
			hasScannedForEncodings = 0;
			knownRegions = (
				en,
				Base,
			);
			mainGroup = 3C91C9FB2BFB3B1300E9B8D0;
			productRefGroup = 3C91CA062BFB3B1300E9B8D0 /* Products */;
			projectDirPath = "";
			projectRoot = "";
			targets = (
				3C91CA042BFB3B1300E9B8D0 /* DENMovieNetworking */,
				3C91CA0E2BFB3B1400E9B8D0 /* DENMovieNetworkingTests */,
			);
		};
/* End PBXProject section */

/* Begin PBXResourcesBuildPhase section */
		3C91CA032BFB3B1300E9B8D0 /* Resources */ = {
			isa = PBXResourcesBuildPhase;
			buildActionMask = 2147483647;
			files = (
			);
			runOnlyForDeploymentPostprocessing = 0;
		};
		3C91CA0D2BFB3B1400E9B8D0 /* Resources */ = {
			isa = PBXResourcesBuildPhase;
			buildActionMask = 2147483647;
			files = (
			);
			runOnlyForDeploymentPostprocessing = 0;
		};
/* End PBXResourcesBuildPhase section */

/* Begin PBXSourcesBuildPhase section */
		3C91CA012BFB3B1300E9B8D0 /* Sources */ = {
			isa = PBXSourcesBuildPhase;
			buildActionMask = 2147483647;
			files = (
				3C91CA452BFB4A4000E9B8D0 /* HttpClient.swift in Sources */,
				3C91CA0A2BFB3B1300E9B8D0 /* DENMovieNetworking.docc in Sources */,
			);
			runOnlyForDeploymentPostprocessing = 0;
		};
		3C91CA0B2BFB3B1400E9B8D0 /* Sources */ = {
			isa = PBXSourcesBuildPhase;
			buildActionMask = 2147483647;
			files = (
				3C91CA152BFB3B1400E9B8D0 /* DENMovieNetworkingTests.swift in Sources */,
			);
			runOnlyForDeploymentPostprocessing = 0;
		};
/* End PBXSourcesBuildPhase section */

/* Begin PBXTargetDependency section */
		3C91CA122BFB3B1400E9B8D0 /* PBXTargetDependency */ = {
			isa = PBXTargetDependency;
			target = 3C91CA042BFB3B1300E9B8D0 /* DENMovieNetworking */;
			targetProxy = 3C91CA112BFB3B1400E9B8D0 /* PBXContainerItemProxy */;
		};
/* End PBXTargetDependency section */

/* Begin XCBuildConfiguration section */
		3C91CA172BFB3B1400E9B8D0 /* Debug */ = {
			isa = XCBuildConfiguration;
			buildSettings = {
				ALWAYS_SEARCH_USER_PATHS = NO;
				ASSETCATALOG_COMPILER_GENERATE_SWIFT_ASSET_SYMBOL_EXTENSIONS = YES;
				CLANG_ANALYZER_NONNULL = YES;
				CLANG_ANALYZER_NUMBER_OBJECT_CONVERSION = YES_AGGRESSIVE;
				CLANG_CXX_LANGUAGE_STANDARD = "gnu++20";
				CLANG_ENABLE_MODULES = YES;
				CLANG_ENABLE_OBJC_ARC = YES;
				CLANG_ENABLE_OBJC_WEAK = YES;
				CLANG_WARN_BLOCK_CAPTURE_AUTORELEASING = YES;
				CLANG_WARN_BOOL_CONVERSION = YES;
				CLANG_WARN_COMMA = YES;
				CLANG_WARN_CONSTANT_CONVERSION = YES;
				CLANG_WARN_DEPRECATED_OBJC_IMPLEMENTATIONS = YES;
				CLANG_WARN_DIRECT_OBJC_ISA_USAGE = YES_ERROR;
				CLANG_WARN_DOCUMENTATION_COMMENTS = YES;
				CLANG_WARN_EMPTY_BODY = YES;
				CLANG_WARN_ENUM_CONVERSION = YES;
				CLANG_WARN_INFINITE_RECURSION = YES;
				CLANG_WARN_INT_CONVERSION = YES;
				CLANG_WARN_NON_LITERAL_NULL_CONVERSION = YES;
				CLANG_WARN_OBJC_IMPLICIT_RETAIN_SELF = YES;
				CLANG_WARN_OBJC_LITERAL_CONVERSION = YES;
				CLANG_WARN_OBJC_ROOT_CLASS = YES_ERROR;
				CLANG_WARN_QUOTED_INCLUDE_IN_FRAMEWORK_HEADER = YES;
				CLANG_WARN_RANGE_LOOP_ANALYSIS = YES;
				CLANG_WARN_STRICT_PROTOTYPES = YES;
				CLANG_WARN_SUSPICIOUS_MOVE = YES;
				CLANG_WARN_UNGUARDED_AVAILABILITY = YES_AGGRESSIVE;
				CLANG_WARN_UNREACHABLE_CODE = YES;
				CLANG_WARN__DUPLICATE_METHOD_MATCH = YES;
				COPY_PHASE_STRIP = NO;
				CURRENT_PROJECT_VERSION = 1;
				DEBUG_INFORMATION_FORMAT = dwarf;
				ENABLE_STRICT_OBJC_MSGSEND = YES;
				ENABLE_TESTABILITY = YES;
				ENABLE_USER_SCRIPT_SANDBOXING = YES;
				GCC_C_LANGUAGE_STANDARD = gnu17;
				GCC_DYNAMIC_NO_PIC = NO;
				GCC_NO_COMMON_BLOCKS = YES;
				GCC_OPTIMIZATION_LEVEL = 0;
				GCC_PREPROCESSOR_DEFINITIONS = (
					"DEBUG=1",
					"$(inherited)",
				);
				GCC_WARN_64_TO_32_BIT_CONVERSION = YES;
				GCC_WARN_ABOUT_RETURN_TYPE = YES_ERROR;
				GCC_WARN_UNDECLARED_SELECTOR = YES;
				GCC_WARN_UNINITIALIZED_AUTOS = YES_AGGRESSIVE;
				GCC_WARN_UNUSED_FUNCTION = YES;
				GCC_WARN_UNUSED_VARIABLE = YES;
				IPHONEOS_DEPLOYMENT_TARGET = 17.2;
				LOCALIZATION_PREFERS_STRING_CATALOGS = YES;
				MTL_ENABLE_DEBUG_INFO = INCLUDE_SOURCE;
				MTL_FAST_MATH = YES;
				ONLY_ACTIVE_ARCH = YES;
				SDKROOT = iphoneos;
				SWIFT_ACTIVE_COMPILATION_CONDITIONS = "DEBUG $(inherited)";
				SWIFT_OPTIMIZATION_LEVEL = "-Onone";
				VERSIONING_SYSTEM = "apple-generic";
				VERSION_INFO_PREFIX = "";
			};
			name = Debug;
		};
		3C91CA182BFB3B1400E9B8D0 /* Release */ = {
			isa = XCBuildConfiguration;
			buildSettings = {
				ALWAYS_SEARCH_USER_PATHS = NO;
				ASSETCATALOG_COMPILER_GENERATE_SWIFT_ASSET_SYMBOL_EXTENSIONS = YES;
				CLANG_ANALYZER_NONNULL = YES;
				CLANG_ANALYZER_NUMBER_OBJECT_CONVERSION = YES_AGGRESSIVE;
				CLANG_CXX_LANGUAGE_STANDARD = "gnu++20";
				CLANG_ENABLE_MODULES = YES;
				CLANG_ENABLE_OBJC_ARC = YES;
				CLANG_ENABLE_OBJC_WEAK = YES;
				CLANG_WARN_BLOCK_CAPTURE_AUTORELEASING = YES;
				CLANG_WARN_BOOL_CONVERSION = YES;
				CLANG_WARN_COMMA = YES;
				CLANG_WARN_CONSTANT_CONVERSION = YES;
				CLANG_WARN_DEPRECATED_OBJC_IMPLEMENTATIONS = YES;
				CLANG_WARN_DIRECT_OBJC_ISA_USAGE = YES_ERROR;
				CLANG_WARN_DOCUMENTATION_COMMENTS = YES;
				CLANG_WARN_EMPTY_BODY = YES;
				CLANG_WARN_ENUM_CONVERSION = YES;
				CLANG_WARN_INFINITE_RECURSION = YES;
				CLANG_WARN_INT_CONVERSION = YES;
				CLANG_WARN_NON_LITERAL_NULL_CONVERSION = YES;
				CLANG_WARN_OBJC_IMPLICIT_RETAIN_SELF = YES;
				CLANG_WARN_OBJC_LITERAL_CONVERSION = YES;
				CLANG_WARN_OBJC_ROOT_CLASS = YES_ERROR;
				CLANG_WARN_QUOTED_INCLUDE_IN_FRAMEWORK_HEADER = YES;
				CLANG_WARN_RANGE_LOOP_ANALYSIS = YES;
				CLANG_WARN_STRICT_PROTOTYPES = YES;
				CLANG_WARN_SUSPICIOUS_MOVE = YES;
				CLANG_WARN_UNGUARDED_AVAILABILITY = YES_AGGRESSIVE;
				CLANG_WARN_UNREACHABLE_CODE = YES;
				CLANG_WARN__DUPLICATE_METHOD_MATCH = YES;
				COPY_PHASE_STRIP = NO;
				CURRENT_PROJECT_VERSION = 1;
				DEBUG_INFORMATION_FORMAT = "dwarf-with-dsym";
				ENABLE_NS_ASSERTIONS = NO;
				ENABLE_STRICT_OBJC_MSGSEND = YES;
				ENABLE_USER_SCRIPT_SANDBOXING = YES;
				GCC_C_LANGUAGE_STANDARD = gnu17;
				GCC_NO_COMMON_BLOCKS = YES;
				GCC_WARN_64_TO_32_BIT_CONVERSION = YES;
				GCC_WARN_ABOUT_RETURN_TYPE = YES_ERROR;
				GCC_WARN_UNDECLARED_SELECTOR = YES;
				GCC_WARN_UNINITIALIZED_AUTOS = YES_AGGRESSIVE;
				GCC_WARN_UNUSED_FUNCTION = YES;
				GCC_WARN_UNUSED_VARIABLE = YES;
				IPHONEOS_DEPLOYMENT_TARGET = 17.2;
				LOCALIZATION_PREFERS_STRING_CATALOGS = YES;
				MTL_ENABLE_DEBUG_INFO = NO;
				MTL_FAST_MATH = YES;
				SDKROOT = iphoneos;
				SWIFT_COMPILATION_MODE = wholemodule;
				VALIDATE_PRODUCT = YES;
				VERSIONING_SYSTEM = "apple-generic";
				VERSION_INFO_PREFIX = "";
			};
			name = Release;
		};
		3C91CA1A2BFB3B1400E9B8D0 /* Debug */ = {
			isa = XCBuildConfiguration;
			buildSettings = {
				CODE_SIGN_STYLE = Automatic;
				CURRENT_PROJECT_VERSION = 1;
				DEFINES_MODULE = YES;
				DYLIB_COMPATIBILITY_VERSION = 1;
				DYLIB_CURRENT_VERSION = 1;
				DYLIB_INSTALL_NAME_BASE = "@rpath";
				ENABLE_MODULE_VERIFIER = YES;
				GENERATE_INFOPLIST_FILE = YES;
				INFOPLIST_KEY_NSHumanReadableCopyright = "";
				INSTALL_PATH = "$(LOCAL_LIBRARY_DIR)/Frameworks";
				LD_RUNPATH_SEARCH_PATHS = (
					"$(inherited)",
					"@executable_path/Frameworks",
					"@loader_path/Frameworks",
				);
				MARKETING_VERSION = 1.0;
				MODULE_VERIFIER_SUPPORTED_LANGUAGES = "objective-c objective-c++";
				MODULE_VERIFIER_SUPPORTED_LANGUAGE_STANDARDS = "gnu17 gnu++20";
				PRODUCT_BUNDLE_IDENTIFIER = com.denazmi.DENMovieNetworking;
				PRODUCT_NAME = "$(TARGET_NAME:c99extidentifier)";
				SKIP_INSTALL = YES;
				SWIFT_EMIT_LOC_STRINGS = YES;
				SWIFT_VERSION = 5.0;
				TARGETED_DEVICE_FAMILY = "1,2";
			};
			name = Debug;
		};
		3C91CA1B2BFB3B1400E9B8D0 /* Release */ = {
			isa = XCBuildConfiguration;
			buildSettings = {
				CODE_SIGN_STYLE = Automatic;
				CURRENT_PROJECT_VERSION = 1;
				DEFINES_MODULE = YES;
				DYLIB_COMPATIBILITY_VERSION = 1;
				DYLIB_CURRENT_VERSION = 1;
				DYLIB_INSTALL_NAME_BASE = "@rpath";
				ENABLE_MODULE_VERIFIER = YES;
				GENERATE_INFOPLIST_FILE = YES;
				INFOPLIST_KEY_NSHumanReadableCopyright = "";
				INSTALL_PATH = "$(LOCAL_LIBRARY_DIR)/Frameworks";
				LD_RUNPATH_SEARCH_PATHS = (
					"$(inherited)",
					"@executable_path/Frameworks",
					"@loader_path/Frameworks",
				);
				MARKETING_VERSION = 1.0;
				MODULE_VERIFIER_SUPPORTED_LANGUAGES = "objective-c objective-c++";
				MODULE_VERIFIER_SUPPORTED_LANGUAGE_STANDARDS = "gnu17 gnu++20";
				PRODUCT_BUNDLE_IDENTIFIER = com.denazmi.DENMovieNetworking;
				PRODUCT_NAME = "$(TARGET_NAME:c99extidentifier)";
				SKIP_INSTALL = YES;
				SWIFT_EMIT_LOC_STRINGS = YES;
				SWIFT_VERSION = 5.0;
				TARGETED_DEVICE_FAMILY = "1,2";
			};
			name = Release;
		};
		3C91CA1D2BFB3B1400E9B8D0 /* Debug */ = {
			isa = XCBuildConfiguration;
			buildSettings = {
				ALWAYS_EMBED_SWIFT_STANDARD_LIBRARIES = YES;
				CODE_SIGN_STYLE = Automatic;
				CURRENT_PROJECT_VERSION = 1;
				GENERATE_INFOPLIST_FILE = YES;
				MARKETING_VERSION = 1.0;
				PRODUCT_BUNDLE_IDENTIFIER = com.denazmi.DENMovieNetworkingTests;
				PRODUCT_NAME = "$(TARGET_NAME)";
				SWIFT_EMIT_LOC_STRINGS = NO;
				SWIFT_VERSION = 5.0;
				TARGETED_DEVICE_FAMILY = "1,2";
			};
			name = Debug;
		};
		3C91CA1E2BFB3B1400E9B8D0 /* Release */ = {
			isa = XCBuildConfiguration;
			buildSettings = {
				ALWAYS_EMBED_SWIFT_STANDARD_LIBRARIES = YES;
				CODE_SIGN_STYLE = Automatic;
				CURRENT_PROJECT_VERSION = 1;
				GENERATE_INFOPLIST_FILE = YES;
				MARKETING_VERSION = 1.0;
				PRODUCT_BUNDLE_IDENTIFIER = com.denazmi.DENMovieNetworkingTests;
				PRODUCT_NAME = "$(TARGET_NAME)";
				SWIFT_EMIT_LOC_STRINGS = NO;
				SWIFT_VERSION = 5.0;
				TARGETED_DEVICE_FAMILY = "1,2";
			};
			name = Release;
		};
/* End XCBuildConfiguration section */

/* Begin XCConfigurationList section */
		3C91C9FF2BFB3B1300E9B8D0 /* Build configuration list for PBXProject "DENMovieNetworking" */ = {
			isa = XCConfigurationList;
			buildConfigurations = (
				3C91CA172BFB3B1400E9B8D0 /* Debug */,
				3C91CA182BFB3B1400E9B8D0 /* Release */,
			);
			defaultConfigurationIsVisible = 0;
			defaultConfigurationName = Release;
		};
		3C91CA192BFB3B1400E9B8D0 /* Build configuration list for PBXNativeTarget "DENMovieNetworking" */ = {
			isa = XCConfigurationList;
			buildConfigurations = (
				3C91CA1A2BFB3B1400E9B8D0 /* Debug */,
				3C91CA1B2BFB3B1400E9B8D0 /* Release */,
			);
			defaultConfigurationIsVisible = 0;
			defaultConfigurationName = Release;
		};
		3C91CA1C2BFB3B1400E9B8D0 /* Build configuration list for PBXNativeTarget "DENMovieNetworkingTests" */ = {
			isa = XCConfigurationList;
			buildConfigurations = (
				3C91CA1D2BFB3B1400E9B8D0 /* Debug */,
				3C91CA1E2BFB3B1400E9B8D0 /* Release */,
			);
			defaultConfigurationIsVisible = 0;
			defaultConfigurationName = Release;
		};
/* End XCConfigurationList section */
	};
	rootObject = 3C91C9FC2BFB3B1300E9B8D0 /* Project object */;
}
