// !$*UTF8*$!
{
	archiveVersion = 1;
	classes = {
	};
	objectVersion = 56;
	objects = {

/* Begin PBXBuildFile section */
		3CD81A3F2BEA6BAA00BEC2E7 /* AppDelegate.swift in Sources */ = {isa = PBXBuildFile; fileRef = 3CD81A3E2BEA6BAA00BEC2E7 /* AppDelegate.swift */; };
		3CD81A412BEA6BAA00BEC2E7 /* SceneDelegate.swift in Sources */ = {isa = PBXBuildFile; fileRef = 3CD81A402BEA6BAA00BEC2E7 /* SceneDelegate.swift */; };
		3CD81A432BEA6BAA00BEC2E7 /* ViewController.swift in Sources */ = {isa = PBXBuildFile; fileRef = 3CD81A422BEA6BAA00BEC2E7 /* ViewController.swift */; };
		3CD81A462BEA6BAA00BEC2E7 /* Main.storyboard in Resources */ = {isa = PBXBuildFile; fileRef = 3CD81A442BEA6BAA00BEC2E7 /* Main.storyboard */; };
		3CD81A492BEA6BAA00BEC2E7 /* EssentialFeed.xcdatamodeld in Sources */ = {isa = PBXBuildFile; fileRef = 3CD81A472BEA6BAA00BEC2E7 /* EssentialFeed.xcdatamodeld */; };
		3CD81A4B2BEA6BAB00BEC2E7 /* Assets.xcassets in Resources */ = {isa = PBXBuildFile; fileRef = 3CD81A4A2BEA6BAB00BEC2E7 /* Assets.xcassets */; };
		3CD81A4E2BEA6BAB00BEC2E7 /* LaunchScreen.storyboard in Resources */ = {isa = PBXBuildFile; fileRef = 3CD81A4C2BEA6BAB00BEC2E7 /* LaunchScreen.storyboard */; };
		3CD81A592BEA6BAB00BEC2E7 /* EssentialFeedTests.swift in Sources */ = {isa = PBXBuildFile; fileRef = 3CD81A582BEA6BAB00BEC2E7 /* EssentialFeedTests.swift */; };
		3CD81A632BEA6BAB00BEC2E7 /* EssentialFeedUITests.swift in Sources */ = {isa = PBXBuildFile; fileRef = 3CD81A622BEA6BAB00BEC2E7 /* EssentialFeedUITests.swift */; };
		3CD81A652BEA6BAB00BEC2E7 /* EssentialFeedUITestsLaunchTests.swift in Sources */ = {isa = PBXBuildFile; fileRef = 3CD81A642BEA6BAB00BEC2E7 /* EssentialFeedUITestsLaunchTests.swift */; };
		3CD81A762BEA6E9700BEC2E7 /* HomeViewController.swift in Sources */ = {isa = PBXBuildFile; fileRef = 3CD81A742BEA6E9700BEC2E7 /* HomeViewController.swift */; };
		3CD81A772BEA6E9700BEC2E7 /* HomeViewController.xib in Resources */ = {isa = PBXBuildFile; fileRef = 3CD81A752BEA6E9700BEC2E7 /* HomeViewController.xib */; };
		3CD81A7B2BEA6F9B00BEC2E7 /* HomeCollectionViewCell.swift in Sources */ = {isa = PBXBuildFile; fileRef = 3CD81A792BEA6F9B00BEC2E7 /* HomeCollectionViewCell.swift */; };
		3CD81A7C2BEA6F9B00BEC2E7 /* HomeCollectionViewCell.xib in Resources */ = {isa = PBXBuildFile; fileRef = 3CD81A7A2BEA6F9B00BEC2E7 /* HomeCollectionViewCell.xib */; };
/* End PBXBuildFile section */

/* Begin PBXContainerItemProxy section */
		3CD81A552BEA6BAB00BEC2E7 /* PBXContainerItemProxy */ = {
			isa = PBXContainerItemProxy;
			containerPortal = 3CD81A332BEA6BAA00BEC2E7 /* Project object */;
			proxyType = 1;
			remoteGlobalIDString = 3CD81A3A2BEA6BAA00BEC2E7;
			remoteInfo = EssentialFeed;
		};
		3CD81A5F2BEA6BAB00BEC2E7 /* PBXContainerItemProxy */ = {
			isa = PBXContainerItemProxy;
			containerPortal = 3CD81A332BEA6BAA00BEC2E7 /* Project object */;
			proxyType = 1;
			remoteGlobalIDString = 3CD81A3A2BEA6BAA00BEC2E7;
			remoteInfo = EssentialFeed;
		};
/* End PBXContainerItemProxy section */

/* Begin PBXFileReference section */
		3CD81A3B2BEA6BAA00BEC2E7 /* EssentialFeed.app */ = {isa = PBXFileReference; explicitFileType = wrapper.application; includeInIndex = 0; path = EssentialFeed.app; sourceTree = BUILT_PRODUCTS_DIR; };
		3CD81A3E2BEA6BAA00BEC2E7 /* AppDelegate.swift */ = {isa = PBXFileReference; lastKnownFileType = sourcecode.swift; path = AppDelegate.swift; sourceTree = "<group>"; };
		3CD81A402BEA6BAA00BEC2E7 /* SceneDelegate.swift */ = {isa = PBXFileReference; lastKnownFileType = sourcecode.swift; path = SceneDelegate.swift; sourceTree = "<group>"; };
		3CD81A422BEA6BAA00BEC2E7 /* ViewController.swift */ = {isa = PBXFileReference; lastKnownFileType = sourcecode.swift; path = ViewController.swift; sourceTree = "<group>"; };
		3CD81A452BEA6BAA00BEC2E7 /* Base */ = {isa = PBXFileReference; lastKnownFileType = file.storyboard; name = Base; path = Base.lproj/Main.storyboard; sourceTree = "<group>"; };
		3CD81A482BEA6BAA00BEC2E7 /* EssentialFeed.xcdatamodel */ = {isa = PBXFileReference; lastKnownFileType = wrapper.xcdatamodel; path = EssentialFeed.xcdatamodel; sourceTree = "<group>"; };
		3CD81A4A2BEA6BAB00BEC2E7 /* Assets.xcassets */ = {isa = PBXFileReference; lastKnownFileType = folder.assetcatalog; path = Assets.xcassets; sourceTree = "<group>"; };
		3CD81A4D2BEA6BAB00BEC2E7 /* Base */ = {isa = PBXFileReference; lastKnownFileType = file.storyboard; name = Base; path = Base.lproj/LaunchScreen.storyboard; sourceTree = "<group>"; };
		3CD81A4F2BEA6BAB00BEC2E7 /* Info.plist */ = {isa = PBXFileReference; lastKnownFileType = text.plist.xml; path = Info.plist; sourceTree = "<group>"; };
		3CD81A542BEA6BAB00BEC2E7 /* EssentialFeedTests.xctest */ = {isa = PBXFileReference; explicitFileType = wrapper.cfbundle; includeInIndex = 0; path = EssentialFeedTests.xctest; sourceTree = BUILT_PRODUCTS_DIR; };
		3CD81A582BEA6BAB00BEC2E7 /* EssentialFeedTests.swift */ = {isa = PBXFileReference; lastKnownFileType = sourcecode.swift; path = EssentialFeedTests.swift; sourceTree = "<group>"; };
		3CD81A5E2BEA6BAB00BEC2E7 /* EssentialFeedUITests.xctest */ = {isa = PBXFileReference; explicitFileType = wrapper.cfbundle; includeInIndex = 0; path = EssentialFeedUITests.xctest; sourceTree = BUILT_PRODUCTS_DIR; };
		3CD81A622BEA6BAB00BEC2E7 /* EssentialFeedUITests.swift */ = {isa = PBXFileReference; lastKnownFileType = sourcecode.swift; path = EssentialFeedUITests.swift; sourceTree = "<group>"; };
		3CD81A642BEA6BAB00BEC2E7 /* EssentialFeedUITestsLaunchTests.swift */ = {isa = PBXFileReference; lastKnownFileType = sourcecode.swift; path = EssentialFeedUITestsLaunchTests.swift; sourceTree = "<group>"; };
		3CD81A742BEA6E9700BEC2E7 /* HomeViewController.swift */ = {isa = PBXFileReference; lastKnownFileType = sourcecode.swift; path = HomeViewController.swift; sourceTree = "<group>"; };
		3CD81A752BEA6E9700BEC2E7 /* HomeViewController.xib */ = {isa = PBXFileReference; lastKnownFileType = file.xib; path = HomeViewController.xib; sourceTree = "<group>"; };
		3CD81A792BEA6F9B00BEC2E7 /* HomeCollectionViewCell.swift */ = {isa = PBXFileReference; lastKnownFileType = sourcecode.swift; path = HomeCollectionViewCell.swift; sourceTree = "<group>"; };
		3CD81A7A2BEA6F9B00BEC2E7 /* HomeCollectionViewCell.xib */ = {isa = PBXFileReference; lastKnownFileType = file.xib; path = HomeCollectionViewCell.xib; sourceTree = "<group>"; };
/* End PBXFileReference section */

/* Begin PBXFrameworksBuildPhase section */
		3CD81A382BEA6BAA00BEC2E7 /* Frameworks */ = {
			isa = PBXFrameworksBuildPhase;
			buildActionMask = 2147483647;
			files = (
			);
			runOnlyForDeploymentPostprocessing = 0;
		};
		3CD81A512BEA6BAB00BEC2E7 /* Frameworks */ = {
			isa = PBXFrameworksBuildPhase;
			buildActionMask = 2147483647;
			files = (
			);
			runOnlyForDeploymentPostprocessing = 0;
		};
		3CD81A5B2BEA6BAB00BEC2E7 /* Frameworks */ = {
			isa = PBXFrameworksBuildPhase;
			buildActionMask = 2147483647;
			files = (
			);
			runOnlyForDeploymentPostprocessing = 0;
		};
/* End PBXFrameworksBuildPhase section */

/* Begin PBXGroup section */
		3CD81A322BEA6BAA00BEC2E7 = {
			isa = PBXGroup;
			children = (
				3CD81A3D2BEA6BAA00BEC2E7 /* EssentialFeed */,
				3CD81A572BEA6BAB00BEC2E7 /* EssentialFeedTests */,
				3CD81A612BEA6BAB00BEC2E7 /* EssentialFeedUITests */,
				3CD81A3C2BEA6BAA00BEC2E7 /* Products */,
			);
			sourceTree = "<group>";
		};
		3CD81A3C2BEA6BAA00BEC2E7 /* Products */ = {
			isa = PBXGroup;
			children = (
				3CD81A3B2BEA6BAA00BEC2E7 /* EssentialFeed.app */,
				3CD81A542BEA6BAB00BEC2E7 /* EssentialFeedTests.xctest */,
				3CD81A5E2BEA6BAB00BEC2E7 /* EssentialFeedUITests.xctest */,
			);
			name = Products;
			sourceTree = "<group>";
		};
		3CD81A3D2BEA6BAA00BEC2E7 /* EssentialFeed */ = {
			isa = PBXGroup;
			children = (
				3CD81A722BEA6E7600BEC2E7 /* Scanes */,
				3CD81A3E2BEA6BAA00BEC2E7 /* AppDelegate.swift */,
				3CD81A402BEA6BAA00BEC2E7 /* SceneDelegate.swift */,
				3CD81A422BEA6BAA00BEC2E7 /* ViewController.swift */,
				3CD81A442BEA6BAA00BEC2E7 /* Main.storyboard */,
				3CD81A4A2BEA6BAB00BEC2E7 /* Assets.xcassets */,
				3CD81A4C2BEA6BAB00BEC2E7 /* LaunchScreen.storyboard */,
				3CD81A4F2BEA6BAB00BEC2E7 /* Info.plist */,
				3CD81A472BEA6BAA00BEC2E7 /* EssentialFeed.xcdatamodeld */,
			);
			path = EssentialFeed;
			sourceTree = "<group>";
		};
		3CD81A572BEA6BAB00BEC2E7 /* EssentialFeedTests */ = {
			isa = PBXGroup;
			children = (
				3CD81A582BEA6BAB00BEC2E7 /* EssentialFeedTests.swift */,
			);
			path = EssentialFeedTests;
			sourceTree = "<group>";
		};
		3CD81A612BEA6BAB00BEC2E7 /* EssentialFeedUITests */ = {
			isa = PBXGroup;
			children = (
				3CD81A622BEA6BAB00BEC2E7 /* EssentialFeedUITests.swift */,
				3CD81A642BEA6BAB00BEC2E7 /* EssentialFeedUITestsLaunchTests.swift */,
			);
			path = EssentialFeedUITests;
			sourceTree = "<group>";
		};
		3CD81A722BEA6E7600BEC2E7 /* Scanes */ = {
			isa = PBXGroup;
			children = (
				3CD81A732BEA6E8700BEC2E7 /* Home */,
			);
			path = Scanes;
			sourceTree = "<group>";
		};
		3CD81A732BEA6E8700BEC2E7 /* Home */ = {
			isa = PBXGroup;
			children = (
				3CD81A782BEA6F4A00BEC2E7 /* Cells */,
				3CD81A742BEA6E9700BEC2E7 /* HomeViewController.swift */,
				3CD81A752BEA6E9700BEC2E7 /* HomeViewController.xib */,
			);
			path = Home;
			sourceTree = "<group>";
		};
		3CD81A782BEA6F4A00BEC2E7 /* Cells */ = {
			isa = PBXGroup;
			children = (
				3CD81A792BEA6F9B00BEC2E7 /* HomeCollectionViewCell.swift */,
				3CD81A7A2BEA6F9B00BEC2E7 /* HomeCollectionViewCell.xib */,
			);
			path = Cells;
			sourceTree = "<group>";
		};
/* End PBXGroup section */

/* Begin PBXNativeTarget section */
		3CD81A3A2BEA6BAA00BEC2E7 /* EssentialFeed */ = {
			isa = PBXNativeTarget;
			buildConfigurationList = 3CD81A682BEA6BAB00BEC2E7 /* Build configuration list for PBXNativeTarget "EssentialFeed" */;
			buildPhases = (
				3CD81A372BEA6BAA00BEC2E7 /* Sources */,
				3CD81A382BEA6BAA00BEC2E7 /* Frameworks */,
				3CD81A392BEA6BAA00BEC2E7 /* Resources */,
			);
			buildRules = (
			);
			dependencies = (
			);
			name = EssentialFeed;
			productName = EssentialFeed;
			productReference = 3CD81A3B2BEA6BAA00BEC2E7 /* EssentialFeed.app */;
			productType = "com.apple.product-type.application";
		};
		3CD81A532BEA6BAB00BEC2E7 /* EssentialFeedTests */ = {
			isa = PBXNativeTarget;
			buildConfigurationList = 3CD81A6B2BEA6BAB00BEC2E7 /* Build configuration list for PBXNativeTarget "EssentialFeedTests" */;
			buildPhases = (
				3CD81A502BEA6BAB00BEC2E7 /* Sources */,
				3CD81A512BEA6BAB00BEC2E7 /* Frameworks */,
				3CD81A522BEA6BAB00BEC2E7 /* Resources */,
			);
			buildRules = (
			);
			dependencies = (
				3CD81A562BEA6BAB00BEC2E7 /* PBXTargetDependency */,
			);
			name = EssentialFeedTests;
			productName = EssentialFeedTests;
			productReference = 3CD81A542BEA6BAB00BEC2E7 /* EssentialFeedTests.xctest */;
			productType = "com.apple.product-type.bundle.unit-test";
		};
		3CD81A5D2BEA6BAB00BEC2E7 /* EssentialFeedUITests */ = {
			isa = PBXNativeTarget;
			buildConfigurationList = 3CD81A6E2BEA6BAB00BEC2E7 /* Build configuration list for PBXNativeTarget "EssentialFeedUITests" */;
			buildPhases = (
				3CD81A5A2BEA6BAB00BEC2E7 /* Sources */,
				3CD81A5B2BEA6BAB00BEC2E7 /* Frameworks */,
				3CD81A5C2BEA6BAB00BEC2E7 /* Resources */,
			);
			buildRules = (
			);
			dependencies = (
				3CD81A602BEA6BAB00BEC2E7 /* PBXTargetDependency */,
			);
			name = EssentialFeedUITests;
			productName = EssentialFeedUITests;
			productReference = 3CD81A5E2BEA6BAB00BEC2E7 /* EssentialFeedUITests.xctest */;
			productType = "com.apple.product-type.bundle.ui-testing";
		};
/* End PBXNativeTarget section */

/* Begin PBXProject section */
		3CD81A332BEA6BAA00BEC2E7 /* Project object */ = {
			isa = PBXProject;
			attributes = {
				BuildIndependentTargetsInParallel = 1;
				LastSwiftUpdateCheck = 1520;
				LastUpgradeCheck = 1520;
				TargetAttributes = {
					3CD81A3A2BEA6BAA00BEC2E7 = {
						CreatedOnToolsVersion = 15.2;
					};
					3CD81A532BEA6BAB00BEC2E7 = {
						CreatedOnToolsVersion = 15.2;
						TestTargetID = 3CD81A3A2BEA6BAA00BEC2E7;
					};
					3CD81A5D2BEA6BAB00BEC2E7 = {
						CreatedOnToolsVersion = 15.2;
						TestTargetID = 3CD81A3A2BEA6BAA00BEC2E7;
					};
				};
			};
			buildConfigurationList = 3CD81A362BEA6BAA00BEC2E7 /* Build configuration list for PBXProject "EssentialFeed" */;
			compatibilityVersion = "Xcode 14.0";
			developmentRegion = en;
			hasScannedForEncodings = 0;
			knownRegions = (
				en,
				Base,
			);
			mainGroup = 3CD81A322BEA6BAA00BEC2E7;
			productRefGroup = 3CD81A3C2BEA6BAA00BEC2E7 /* Products */;
			projectDirPath = "";
			projectRoot = "";
			targets = (
				3CD81A3A2BEA6BAA00BEC2E7 /* EssentialFeed */,
				3CD81A532BEA6BAB00BEC2E7 /* EssentialFeedTests */,
				3CD81A5D2BEA6BAB00BEC2E7 /* EssentialFeedUITests */,
			);
		};
/* End PBXProject section */

/* Begin PBXResourcesBuildPhase section */
		3CD81A392BEA6BAA00BEC2E7 /* Resources */ = {
			isa = PBXResourcesBuildPhase;
			buildActionMask = 2147483647;
			files = (
				3CD81A7C2BEA6F9B00BEC2E7 /* HomeCollectionViewCell.xib in Resources */,
				3CD81A4E2BEA6BAB00BEC2E7 /* LaunchScreen.storyboard in Resources */,
				3CD81A4B2BEA6BAB00BEC2E7 /* Assets.xcassets in Resources */,
				3CD81A462BEA6BAA00BEC2E7 /* Main.storyboard in Resources */,
				3CD81A772BEA6E9700BEC2E7 /* HomeViewController.xib in Resources */,
			);
			runOnlyForDeploymentPostprocessing = 0;
		};
		3CD81A522BEA6BAB00BEC2E7 /* Resources */ = {
			isa = PBXResourcesBuildPhase;
			buildActionMask = 2147483647;
			files = (
			);
			runOnlyForDeploymentPostprocessing = 0;
		};
		3CD81A5C2BEA6BAB00BEC2E7 /* Resources */ = {
			isa = PBXResourcesBuildPhase;
			buildActionMask = 2147483647;
			files = (
			);
			runOnlyForDeploymentPostprocessing = 0;
		};
/* End PBXResourcesBuildPhase section */

/* Begin PBXSourcesBuildPhase section */
		3CD81A372BEA6BAA00BEC2E7 /* Sources */ = {
			isa = PBXSourcesBuildPhase;
			buildActionMask = 2147483647;
			files = (
				3CD81A762BEA6E9700BEC2E7 /* HomeViewController.swift in Sources */,
				3CD81A432BEA6BAA00BEC2E7 /* ViewController.swift in Sources */,
				3CD81A3F2BEA6BAA00BEC2E7 /* AppDelegate.swift in Sources */,
				3CD81A492BEA6BAA00BEC2E7 /* EssentialFeed.xcdatamodeld in Sources */,
				3CD81A412BEA6BAA00BEC2E7 /* SceneDelegate.swift in Sources */,
				3CD81A7B2BEA6F9B00BEC2E7 /* HomeCollectionViewCell.swift in Sources */,
			);
			runOnlyForDeploymentPostprocessing = 0;
		};
		3CD81A502BEA6BAB00BEC2E7 /* Sources */ = {
			isa = PBXSourcesBuildPhase;
			buildActionMask = 2147483647;
			files = (
				3CD81A592BEA6BAB00BEC2E7 /* EssentialFeedTests.swift in Sources */,
			);
			runOnlyForDeploymentPostprocessing = 0;
		};
		3CD81A5A2BEA6BAB00BEC2E7 /* Sources */ = {
			isa = PBXSourcesBuildPhase;
			buildActionMask = 2147483647;
			files = (
				3CD81A632BEA6BAB00BEC2E7 /* EssentialFeedUITests.swift in Sources */,
				3CD81A652BEA6BAB00BEC2E7 /* EssentialFeedUITestsLaunchTests.swift in Sources */,
			);
			runOnlyForDeploymentPostprocessing = 0;
		};
/* End PBXSourcesBuildPhase section */

/* Begin PBXTargetDependency section */
		3CD81A562BEA6BAB00BEC2E7 /* PBXTargetDependency */ = {
			isa = PBXTargetDependency;
			target = 3CD81A3A2BEA6BAA00BEC2E7 /* EssentialFeed */;
			targetProxy = 3CD81A552BEA6BAB00BEC2E7 /* PBXContainerItemProxy */;
		};
		3CD81A602BEA6BAB00BEC2E7 /* PBXTargetDependency */ = {
			isa = PBXTargetDependency;
			target = 3CD81A3A2BEA6BAA00BEC2E7 /* EssentialFeed */;
			targetProxy = 3CD81A5F2BEA6BAB00BEC2E7 /* PBXContainerItemProxy */;
		};
/* End PBXTargetDependency section */

/* Begin PBXVariantGroup section */
		3CD81A442BEA6BAA00BEC2E7 /* Main.storyboard */ = {
			isa = PBXVariantGroup;
			children = (
				3CD81A452BEA6BAA00BEC2E7 /* Base */,
			);
			name = Main.storyboard;
			sourceTree = "<group>";
		};
		3CD81A4C2BEA6BAB00BEC2E7 /* LaunchScreen.storyboard */ = {
			isa = PBXVariantGroup;
			children = (
				3CD81A4D2BEA6BAB00BEC2E7 /* Base */,
			);
			name = LaunchScreen.storyboard;
			sourceTree = "<group>";
		};
/* End PBXVariantGroup section */

/* Begin XCBuildConfiguration section */
		3CD81A662BEA6BAB00BEC2E7 /* Debug */ = {
			isa = XCBuildConfiguration;
			buildSettings = {
				ALWAYS_SEARCH_USER_PATHS = NO;
				ASSETCATALOG_COMPILER_GENERATE_SWIFT_ASSET_SYMBOL_EXTENSIONS = YES;
				CLANG_ANALYZER_NONNULL = YES;
				CLANG_ANALYZER_NUMBER_OBJECT_CONVERSION = YES_AGGRESSIVE;
				CLANG_CXX_LANGUAGE_STANDARD = "gnu++20";
				CLANG_ENABLE_MODULES = YES;
				CLANG_ENABLE_OBJC_ARC = YES;
				CLANG_ENABLE_OBJC_WEAK = YES;
				CLANG_WARN_BLOCK_CAPTURE_AUTORELEASING = YES;
				CLANG_WARN_BOOL_CONVERSION = YES;
				CLANG_WARN_COMMA = YES;
				CLANG_WARN_CONSTANT_CONVERSION = YES;
				CLANG_WARN_DEPRECATED_OBJC_IMPLEMENTATIONS = YES;
				CLANG_WARN_DIRECT_OBJC_ISA_USAGE = YES_ERROR;
				CLANG_WARN_DOCUMENTATION_COMMENTS = YES;
				CLANG_WARN_EMPTY_BODY = YES;
				CLANG_WARN_ENUM_CONVERSION = YES;
				CLANG_WARN_INFINITE_RECURSION = YES;
				CLANG_WARN_INT_CONVERSION = YES;
				CLANG_WARN_NON_LITERAL_NULL_CONVERSION = YES;
				CLANG_WARN_OBJC_IMPLICIT_RETAIN_SELF = YES;
				CLANG_WARN_OBJC_LITERAL_CONVERSION = YES;
				CLANG_WARN_OBJC_ROOT_CLASS = YES_ERROR;
				CLANG_WARN_QUOTED_INCLUDE_IN_FRAMEWORK_HEADER = YES;
				CLANG_WARN_RANGE_LOOP_ANALYSIS = YES;
				CLANG_WARN_STRICT_PROTOTYPES = YES;
				CLANG_WARN_SUSPICIOUS_MOVE = YES;
				CLANG_WARN_UNGUARDED_AVAILABILITY = YES_AGGRESSIVE;
				CLANG_WARN_UNREACHABLE_CODE = YES;
				CLANG_WARN__DUPLICATE_METHOD_MATCH = YES;
				COPY_PHASE_STRIP = NO;
				DEBUG_INFORMATION_FORMAT = dwarf;
				ENABLE_STRICT_OBJC_MSGSEND = YES;
				ENABLE_TESTABILITY = YES;
				ENABLE_USER_SCRIPT_SANDBOXING = YES;
				GCC_C_LANGUAGE_STANDARD = gnu17;
				GCC_DYNAMIC_NO_PIC = NO;
				GCC_NO_COMMON_BLOCKS = YES;
				GCC_OPTIMIZATION_LEVEL = 0;
				GCC_PREPROCESSOR_DEFINITIONS = (
					"DEBUG=1",
					"$(inherited)",
				);
				GCC_WARN_64_TO_32_BIT_CONVERSION = YES;
				GCC_WARN_ABOUT_RETURN_TYPE = YES_ERROR;
				GCC_WARN_UNDECLARED_SELECTOR = YES;
				GCC_WARN_UNINITIALIZED_AUTOS = YES_AGGRESSIVE;
				GCC_WARN_UNUSED_FUNCTION = YES;
				GCC_WARN_UNUSED_VARIABLE = YES;
				IPHONEOS_DEPLOYMENT_TARGET = 17.2;
				LOCALIZATION_PREFERS_STRING_CATALOGS = YES;
				MTL_ENABLE_DEBUG_INFO = INCLUDE_SOURCE;
				MTL_FAST_MATH = YES;
				ONLY_ACTIVE_ARCH = YES;
				SDKROOT = iphoneos;
				SWIFT_ACTIVE_COMPILATION_CONDITIONS = "DEBUG $(inherited)";
				SWIFT_OPTIMIZATION_LEVEL = "-Onone";
			};
			name = Debug;
		};
		3CD81A672BEA6BAB00BEC2E7 /* Release */ = {
			isa = XCBuildConfiguration;
			buildSettings = {
				ALWAYS_SEARCH_USER_PATHS = NO;
				ASSETCATALOG_COMPILER_GENERATE_SWIFT_ASSET_SYMBOL_EXTENSIONS = YES;
				CLANG_ANALYZER_NONNULL = YES;
				CLANG_ANALYZER_NUMBER_OBJECT_CONVERSION = YES_AGGRESSIVE;
				CLANG_CXX_LANGUAGE_STANDARD = "gnu++20";
				CLANG_ENABLE_MODULES = YES;
				CLANG_ENABLE_OBJC_ARC = YES;
				CLANG_ENABLE_OBJC_WEAK = YES;
				CLANG_WARN_BLOCK_CAPTURE_AUTORELEASING = YES;
				CLANG_WARN_BOOL_CONVERSION = YES;
				CLANG_WARN_COMMA = YES;
				CLANG_WARN_CONSTANT_CONVERSION = YES;
				CLANG_WARN_DEPRECATED_OBJC_IMPLEMENTATIONS = YES;
				CLANG_WARN_DIRECT_OBJC_ISA_USAGE = YES_ERROR;
				CLANG_WARN_DOCUMENTATION_COMMENTS = YES;
				CLANG_WARN_EMPTY_BODY = YES;
				CLANG_WARN_ENUM_CONVERSION = YES;
				CLANG_WARN_INFINITE_RECURSION = YES;
				CLANG_WARN_INT_CONVERSION = YES;
				CLANG_WARN_NON_LITERAL_NULL_CONVERSION = YES;
				CLANG_WARN_OBJC_IMPLICIT_RETAIN_SELF = YES;
				CLANG_WARN_OBJC_LITERAL_CONVERSION = YES;
				CLANG_WARN_OBJC_ROOT_CLASS = YES_ERROR;
				CLANG_WARN_QUOTED_INCLUDE_IN_FRAMEWORK_HEADER = YES;
				CLANG_WARN_RANGE_LOOP_ANALYSIS = YES;
				CLANG_WARN_STRICT_PROTOTYPES = YES;
				CLANG_WARN_SUSPICIOUS_MOVE = YES;
				CLANG_WARN_UNGUARDED_AVAILABILITY = YES_AGGRESSIVE;
				CLANG_WARN_UNREACHABLE_CODE = YES;
				CLANG_WARN__DUPLICATE_METHOD_MATCH = YES;
				COPY_PHASE_STRIP = NO;
				DEBUG_INFORMATION_FORMAT = "dwarf-with-dsym";
				ENABLE_NS_ASSERTIONS = NO;
				ENABLE_STRICT_OBJC_MSGSEND = YES;
				ENABLE_USER_SCRIPT_SANDBOXING = YES;
				GCC_C_LANGUAGE_STANDARD = gnu17;
				GCC_NO_COMMON_BLOCKS = YES;
				GCC_WARN_64_TO_32_BIT_CONVERSION = YES;
				GCC_WARN_ABOUT_RETURN_TYPE = YES_ERROR;
				GCC_WARN_UNDECLARED_SELECTOR = YES;
				GCC_WARN_UNINITIALIZED_AUTOS = YES_AGGRESSIVE;
				GCC_WARN_UNUSED_FUNCTION = YES;
				GCC_WARN_UNUSED_VARIABLE = YES;
				IPHONEOS_DEPLOYMENT_TARGET = 17.2;
				LOCALIZATION_PREFERS_STRING_CATALOGS = YES;
				MTL_ENABLE_DEBUG_INFO = NO;
				MTL_FAST_MATH = YES;
				SDKROOT = iphoneos;
				SWIFT_COMPILATION_MODE = wholemodule;
				VALIDATE_PRODUCT = YES;
			};
			name = Release;
		};
		3CD81A692BEA6BAB00BEC2E7 /* Debug */ = {
			isa = XCBuildConfiguration;
			buildSettings = {
				ASSETCATALOG_COMPILER_APPICON_NAME = AppIcon;
				ASSETCATALOG_COMPILER_GLOBAL_ACCENT_COLOR_NAME = AccentColor;
				CODE_SIGN_STYLE = Automatic;
				CURRENT_PROJECT_VERSION = 1;
				GENERATE_INFOPLIST_FILE = YES;
				INFOPLIST_FILE = EssentialFeed/Info.plist;
				INFOPLIST_KEY_UIApplicationSupportsIndirectInputEvents = YES;
				INFOPLIST_KEY_UILaunchStoryboardName = LaunchScreen;
				INFOPLIST_KEY_UIMainStoryboardFile = Main;
				INFOPLIST_KEY_UISupportedInterfaceOrientations_iPad = "UIInterfaceOrientationPortrait UIInterfaceOrientationPortraitUpsideDown UIInterfaceOrientationLandscapeLeft UIInterfaceOrientationLandscapeRight";
				INFOPLIST_KEY_UISupportedInterfaceOrientations_iPhone = "UIInterfaceOrientationPortrait UIInterfaceOrientationLandscapeLeft UIInterfaceOrientationLandscapeRight";
				LD_RUNPATH_SEARCH_PATHS = (
					"$(inherited)",
					"@executable_path/Frameworks",
				);
				MARKETING_VERSION = 1.0;
				PRODUCT_BUNDLE_IDENTIFIER = com.denazmi.EssentialFeed;
				PRODUCT_NAME = "$(TARGET_NAME)";
				SWIFT_EMIT_LOC_STRINGS = YES;
				SWIFT_VERSION = 5.0;
				TARGETED_DEVICE_FAMILY = "1,2";
			};
			name = Debug;
		};
		3CD81A6A2BEA6BAB00BEC2E7 /* Release */ = {
			isa = XCBuildConfiguration;
			buildSettings = {
				ASSETCATALOG_COMPILER_APPICON_NAME = AppIcon;
				ASSETCATALOG_COMPILER_GLOBAL_ACCENT_COLOR_NAME = AccentColor;
				CODE_SIGN_STYLE = Automatic;
				CURRENT_PROJECT_VERSION = 1;
				GENERATE_INFOPLIST_FILE = YES;
				INFOPLIST_FILE = EssentialFeed/Info.plist;
				INFOPLIST_KEY_UIApplicationSupportsIndirectInputEvents = YES;
				INFOPLIST_KEY_UILaunchStoryboardName = LaunchScreen;
				INFOPLIST_KEY_UIMainStoryboardFile = Main;
				INFOPLIST_KEY_UISupportedInterfaceOrientations_iPad = "UIInterfaceOrientationPortrait UIInterfaceOrientationPortraitUpsideDown UIInterfaceOrientationLandscapeLeft UIInterfaceOrientationLandscapeRight";
				INFOPLIST_KEY_UISupportedInterfaceOrientations_iPhone = "UIInterfaceOrientationPortrait UIInterfaceOrientationLandscapeLeft UIInterfaceOrientationLandscapeRight";
				LD_RUNPATH_SEARCH_PATHS = (
					"$(inherited)",
					"@executable_path/Frameworks",
				);
				MARKETING_VERSION = 1.0;
				PRODUCT_BUNDLE_IDENTIFIER = com.denazmi.EssentialFeed;
				PRODUCT_NAME = "$(TARGET_NAME)";
				SWIFT_EMIT_LOC_STRINGS = YES;
				SWIFT_VERSION = 5.0;
				TARGETED_DEVICE_FAMILY = "1,2";
			};
			name = Release;
		};
		3CD81A6C2BEA6BAB00BEC2E7 /* Debug */ = {
			isa = XCBuildConfiguration;
			buildSettings = {
				ALWAYS_EMBED_SWIFT_STANDARD_LIBRARIES = YES;
				BUNDLE_LOADER = "$(TEST_HOST)";
				CODE_SIGN_STYLE = Automatic;
				CURRENT_PROJECT_VERSION = 1;
				GENERATE_INFOPLIST_FILE = YES;
				IPHONEOS_DEPLOYMENT_TARGET = 17.2;
				MARKETING_VERSION = 1.0;
				PRODUCT_BUNDLE_IDENTIFIER = com.denazmi.EssentialFeedTests;
				PRODUCT_NAME = "$(TARGET_NAME)";
				SWIFT_EMIT_LOC_STRINGS = NO;
				SWIFT_VERSION = 5.0;
				TARGETED_DEVICE_FAMILY = "1,2";
				TEST_HOST = "$(BUILT_PRODUCTS_DIR)/EssentialFeed.app/$(BUNDLE_EXECUTABLE_FOLDER_PATH)/EssentialFeed";
			};
			name = Debug;
		};
		3CD81A6D2BEA6BAB00BEC2E7 /* Release */ = {
			isa = XCBuildConfiguration;
			buildSettings = {
				ALWAYS_EMBED_SWIFT_STANDARD_LIBRARIES = YES;
				BUNDLE_LOADER = "$(TEST_HOST)";
				CODE_SIGN_STYLE = Automatic;
				CURRENT_PROJECT_VERSION = 1;
				GENERATE_INFOPLIST_FILE = YES;
				IPHONEOS_DEPLOYMENT_TARGET = 17.2;
				MARKETING_VERSION = 1.0;
				PRODUCT_BUNDLE_IDENTIFIER = com.denazmi.EssentialFeedTests;
				PRODUCT_NAME = "$(TARGET_NAME)";
				SWIFT_EMIT_LOC_STRINGS = NO;
				SWIFT_VERSION = 5.0;
				TARGETED_DEVICE_FAMILY = "1,2";
				TEST_HOST = "$(BUILT_PRODUCTS_DIR)/EssentialFeed.app/$(BUNDLE_EXECUTABLE_FOLDER_PATH)/EssentialFeed";
			};
			name = Release;
		};
		3CD81A6F2BEA6BAB00BEC2E7 /* Debug */ = {
			isa = XCBuildConfiguration;
			buildSettings = {
				ALWAYS_EMBED_SWIFT_STANDARD_LIBRARIES = YES;
				CODE_SIGN_STYLE = Automatic;
				CURRENT_PROJECT_VERSION = 1;
				GENERATE_INFOPLIST_FILE = YES;
				MARKETING_VERSION = 1.0;
				PRODUCT_BUNDLE_IDENTIFIER = com.denazmi.EssentialFeedUITests;
				PRODUCT_NAME = "$(TARGET_NAME)";
				SWIFT_EMIT_LOC_STRINGS = NO;
				SWIFT_VERSION = 5.0;
				TARGETED_DEVICE_FAMILY = "1,2";
				TEST_TARGET_NAME = EssentialFeed;
			};
			name = Debug;
		};
		3CD81A702BEA6BAB00BEC2E7 /* Release */ = {
			isa = XCBuildConfiguration;
			buildSettings = {
				ALWAYS_EMBED_SWIFT_STANDARD_LIBRARIES = YES;
				CODE_SIGN_STYLE = Automatic;
				CURRENT_PROJECT_VERSION = 1;
				GENERATE_INFOPLIST_FILE = YES;
				MARKETING_VERSION = 1.0;
				PRODUCT_BUNDLE_IDENTIFIER = com.denazmi.EssentialFeedUITests;
				PRODUCT_NAME = "$(TARGET_NAME)";
				SWIFT_EMIT_LOC_STRINGS = NO;
				SWIFT_VERSION = 5.0;
				TARGETED_DEVICE_FAMILY = "1,2";
				TEST_TARGET_NAME = EssentialFeed;
			};
			name = Release;
		};
/* End XCBuildConfiguration section */

/* Begin XCConfigurationList section */
		3CD81A362BEA6BAA00BEC2E7 /* Build configuration list for PBXProject "EssentialFeed" */ = {
			isa = XCConfigurationList;
			buildConfigurations = (
				3CD81A662BEA6BAB00BEC2E7 /* Debug */,
				3CD81A672BEA6BAB00BEC2E7 /* Release */,
			);
			defaultConfigurationIsVisible = 0;
			defaultConfigurationName = Release;
		};
		3CD81A682BEA6BAB00BEC2E7 /* Build configuration list for PBXNativeTarget "EssentialFeed" */ = {
			isa = XCConfigurationList;
			buildConfigurations = (
				3CD81A692BEA6BAB00BEC2E7 /* Debug */,
				3CD81A6A2BEA6BAB00BEC2E7 /* Release */,
			);
			defaultConfigurationIsVisible = 0;
			defaultConfigurationName = Release;
		};
		3CD81A6B2BEA6BAB00BEC2E7 /* Build configuration list for PBXNativeTarget "EssentialFeedTests" */ = {
			isa = XCConfigurationList;
			buildConfigurations = (
				3CD81A6C2BEA6BAB00BEC2E7 /* Debug */,
				3CD81A6D2BEA6BAB00BEC2E7 /* Release */,
			);
			defaultConfigurationIsVisible = 0;
			defaultConfigurationName = Release;
		};
		3CD81A6E2BEA6BAB00BEC2E7 /* Build configuration list for PBXNativeTarget "EssentialFeedUITests" */ = {
			isa = XCConfigurationList;
			buildConfigurations = (
				3CD81A6F2BEA6BAB00BEC2E7 /* Debug */,
				3CD81A702BEA6BAB00BEC2E7 /* Release */,
			);
			defaultConfigurationIsVisible = 0;
			defaultConfigurationName = Release;
		};
/* End XCConfigurationList section */

/* Begin XCVersionGroup section */
		3CD81A472BEA6BAA00BEC2E7 /* EssentialFeed.xcdatamodeld */ = {
			isa = XCVersionGroup;
			children = (
				3CD81A482BEA6BAA00BEC2E7 /* EssentialFeed.xcdatamodel */,
			);
			currentVersion = 3CD81A482BEA6BAA00BEC2E7 /* EssentialFeed.xcdatamodel */;
			path = EssentialFeed.xcdatamodeld;
			sourceTree = "<group>";
			versionGroupType = wrapper.xcdatamodel;
		};
/* End XCVersionGroup section */
	};
	rootObject = 3CD81A332BEA6BAA00BEC2E7 /* Project object */;
}
